// !$*UTF8*$!
{
	archiveVersion = 1;
	classes = {
	};
	objectVersion = 46;
	objects = {

/* Begin PBXBuildFile section */
		F37F37B91ECC2441002FDD42 /* AppDelegate.swift in Sources */ = {isa = PBXBuildFile; fileRef = F37F37B81ECC2441002FDD42 /* AppDelegate.swift */; };
		F37F37BB1ECC2441002FDD42 /* ViewController.swift in Sources */ = {isa = PBXBuildFile; fileRef = F37F37BA1ECC2441002FDD42 /* ViewController.swift */; };
		F37F37BE1ECC2441002FDD42 /* Main.storyboard in Resources */ = {isa = PBXBuildFile; fileRef = F37F37BC1ECC2441002FDD42 /* Main.storyboard */; };
		F37F37C01ECC2441002FDD42 /* Assets.xcassets in Resources */ = {isa = PBXBuildFile; fileRef = F37F37BF1ECC2441002FDD42 /* Assets.xcassets */; };
		F37F37C31ECC2441002FDD42 /* LaunchScreen.storyboard in Resources */ = {isa = PBXBuildFile; fileRef = F37F37C11ECC2441002FDD42 /* LaunchScreen.storyboard */; };
/* End PBXBuildFile section */

/* Begin PBXFileReference section */
		F37F37B51ECC2441002FDD42 /* SwiftMaisonNavigation.app */ = {isa = PBXFileReference; explicitFileType = wrapper.application; includeInIndex = 0; path = SwiftMaisonNavigation.app; sourceTree = BUILT_PRODUCTS_DIR; };
		F37F37B81ECC2441002FDD42 /* AppDelegate.swift */ = {isa = PBXFileReference; lastKnownFileType = sourcecode.swift; path = AppDelegate.swift; sourceTree = "<group>"; };
		F37F37BA1ECC2441002FDD42 /* ViewController.swift */ = {isa = PBXFileReference; lastKnownFileType = sourcecode.swift; path = ViewController.swift; sourceTree = "<group>"; };
		F37F37BD1ECC2441002FDD42 /* Base */ = {isa = PBXFileReference; lastKnownFileType = file.storyboard; name = Base; path = Base.lproj/Main.storyboard; sourceTree = "<group>"; };
		F37F37BF1ECC2441002FDD42 /* Assets.xcassets */ = {isa = PBXFileReference; lastKnownFileType = folder.assetcatalog; path = Assets.xcassets; sourceTree = "<group>"; };
		F37F37C21ECC2441002FDD42 /* Base */ = {isa = PBXFileReference; lastKnownFileType = file.storyboard; name = Base; path = Base.lproj/LaunchScreen.storyboard; sourceTree = "<group>"; };
		F37F37C41ECC2441002FDD42 /* Info.plist */ = {isa = PBXFileReference; lastKnownFileType = text.plist.xml; path = Info.plist; sourceTree = "<group>"; };
/* End PBXFileReference section */

/* Begin PBXFrameworksBuildPhase section */
		F37F37B21ECC2441002FDD42 /* Frameworks */ = {
			isa = PBXFrameworksBuildPhase;
			buildActionMask = 2147483647;
			files = (
			);
			runOnlyForDeploymentPostprocessing = 0;
		};
/* End PBXFrameworksBuildPhase section */

/* Begin PBXGroup section */
		F37F37AC1ECC2441002FDD42 = {
			isa = PBXGroup;
			children = (
				F37F37B71ECC2441002FDD42 /* SwiftMaisonNavigation */,
				F37F37B61ECC2441002FDD42 /* Products */,
			);
			sourceTree = "<group>";
		};
		F37F37B61ECC2441002FDD42 /* Products */ = {
			isa = PBXGroup;
			children = (
				F37F37B51ECC2441002FDD42 /* SwiftMaisonNavigation.app */,
			);
			name = Products;
			sourceTree = "<group>";
		};
		F37F37B71ECC2441002FDD42 /* SwiftMaisonNavigation */ = {
			isa = PBXGroup;
			children = (
				F37F37B81ECC2441002FDD42 /* AppDelegate.swift */,
				F37F37BA1ECC2441002FDD42 /* ViewController.swift */,
				F37F37BC1ECC2441002FDD42 /* Main.storyboard */,
				F37F37BF1ECC2441002FDD42 /* Assets.xcassets */,
				F37F37C11ECC2441002FDD42 /* LaunchScreen.storyboard */,
				F37F37C41ECC2441002FDD42 /* Info.plist */,
			);
			path = SwiftMaisonNavigation;
			sourceTree = "<group>";
		};
/* End PBXGroup section */

/* Begin PBXNativeTarget section */
		F37F37B41ECC2441002FDD42 /* SwiftMaisonNavigation */ = {
			isa = PBXNativeTarget;
			buildConfigurationList = F37F37C71ECC2441002FDD42 /* Build configuration list for PBXNativeTarget "SwiftMaisonNavigation" */;
			buildPhases = (
				F37F37B11ECC2441002FDD42 /* Sources */,
				F37F37B21ECC2441002FDD42 /* Frameworks */,
				F37F37B31ECC2441002FDD42 /* Resources */,
			);
			buildRules = (
			);
			dependencies = (
			);
			name = SwiftMaisonNavigation;
			productName = SwiftMaisonNavigation;
			productReference = F37F37B51ECC2441002FDD42 /* SwiftMaisonNavigation.app */;
			productType = "com.apple.product-type.application";
		};
/* End PBXNativeTarget section */

/* Begin PBXProject section */
		F37F37AD1ECC2441002FDD42 /* Project object */ = {
			isa = PBXProject;
			attributes = {
				LastSwiftUpdateCheck = 0830;
				LastUpgradeCheck = 0830;
				ORGANIZATIONNAME = Takanori.H;
				TargetAttributes = {
					F37F37B41ECC2441002FDD42 = {
						CreatedOnToolsVersion = 8.3.2;
						DevelopmentTeam = BN463B3322;
						ProvisioningStyle = Automatic;
					};
				};
			};
			buildConfigurationList = F37F37B01ECC2441002FDD42 /* Build configuration list for PBXProject "SwiftMaisonNavigation" */;
			compatibilityVersion = "Xcode 3.2";
			developmentRegion = English;
			hasScannedForEncodings = 0;
			knownRegions = (
				en,
				Base,
			);
			mainGroup = F37F37AC1ECC2441002FDD42;
			productRefGroup = F37F37B61ECC2441002FDD42 /* Products */;
			projectDirPath = "";
			projectRoot = "";
			targets = (
				F37F37B41ECC2441002FDD42 /* SwiftMaisonNavigation */,
			);
		};
/* End PBXProject section */

/* Begin PBXResourcesBuildPhase section */
		F37F37B31ECC2441002FDD42 /* Resources */ = {
			isa = PBXResourcesBuildPhase;
			buildActionMask = 2147483647;
			files = (
				F37F37C31ECC2441002FDD42 /* LaunchScreen.storyboard in Resources */,
				F37F37C01ECC2441002FDD42 /* Assets.xcassets in Resources */,
				F37F37BE1ECC2441002FDD42 /* Main.storyboard in Resources */,
			);
			runOnlyForDeploymentPostprocessing = 0;
		};
/* End PBXResourcesBuildPhase section */

/* Begin PBXSourcesBuildPhase section */
		F37F37B11ECC2441002FDD42 /* Sources */ = {
			isa = PBXSourcesBuildPhase;
			buildActionMask = 2147483647;
			files = (
				F37F37BB1ECC2441002FDD42 /* ViewController.swift in Sources */,
				F37F37B91ECC2441002FDD42 /* AppDelegate.swift in Sources */,
			);
			runOnlyForDeploymentPostprocessing = 0;
		};
/* End PBXSourcesBuildPhase section */

/* Begin PBXVariantGroup section */
		F37F37BC1ECC2441002FDD42 /* Main.storyboard */ = {
			isa = PBXVariantGroup;
			children = (
				F37F37BD1ECC2441002FDD42 /* Base */,
			);
			name = Main.storyboard;
			sourceTree = "<group>";
		};
		F37F37C11ECC2441002FDD42 /* LaunchScreen.storyboard */ = {
			isa = PBXVariantGroup;
			children = (
				F37F37C21ECC2441002FDD42 /* Base */,
			);
			name = LaunchScreen.storyboard;
			sourceTree = "<group>";
		};
/* End PBXVariantGroup section */

/* Begin XCBuildConfiguration section */
		F37F37C51ECC2441002FDD42 /* Debug */ = {
			isa = XCBuildConfiguration;
			buildSettings = {
				ALWAYS_SEARCH_USER_PATHS = NO;
				CLANG_ANALYZER_NONNULL = YES;
				CLANG_ANALYZER_NUMBER_OBJECT_CONVERSION = YES_AGGRESSIVE;
				CLANG_CXX_LANGUAGE_STANDARD = "gnu++0x";
				CLANG_CXX_LIBRARY = "libc++";
				CLANG_ENABLE_MODULES = YES;
				CLANG_ENABLE_OBJC_ARC = YES;
				CLANG_WARN_BOOL_CONVERSION = YES;
				CLANG_WARN_CONSTANT_CONVERSION = YES;
				CLANG_WARN_DIRECT_OBJC_ISA_USAGE = YES_ERROR;
				CLANG_WARN_DOCUMENTATION_COMMENTS = YES;
				CLANG_WARN_EMPTY_BODY = YES;
				CLANG_WARN_ENUM_CONVERSION = YES;
				CLANG_WARN_INFINITE_RECURSION = YES;
				CLANG_WARN_INT_CONVERSION = YES;
				CLANG_WARN_OBJC_ROOT_CLASS = YES_ERROR;
				CLANG_WARN_SUSPICIOUS_MOVE = YES;
				CLANG_WARN_UNREACHABLE_CODE = YES;
				CLANG_WARN__DUPLICATE_METHOD_MATCH = YES;
				"CODE_SIGN_IDENTITY[sdk=iphoneos*]" = "iPhone Developer";
				COPY_PHASE_STRIP = NO;
				DEBUG_INFORMATION_FORMAT = dwarf;
				ENABLE_STRICT_OBJC_MSGSEND = YES;
				ENABLE_TESTABILITY = YES;
				GCC_C_LANGUAGE_STANDARD = gnu99;
				GCC_DYNAMIC_NO_PIC = NO;
				GCC_NO_COMMON_BLOCKS = YES;
				GCC_OPTIMIZATION_LEVEL = 0;
				GCC_PREPROCESSOR_DEFINITIONS = (
					"DEBUG=1",
					"$(inherited)",
				);
				GCC_WARN_64_TO_32_BIT_CONVERSION = YES;
				GCC_WARN_ABOUT_RETURN_TYPE = YES_ERROR;
				GCC_WARN_UNDECLARED_SELECTOR = YES;
				GCC_WARN_UNINITIALIZED_AUTOS = YES_AGGRESSIVE;
				GCC_WARN_UNUSED_FUNCTION = YES;
				GCC_WARN_UNUSED_VARIABLE = YES;
				IPHONEOS_DEPLOYMENT_TARGET = 10.3;
				MTL_ENABLE_DEBUG_INFO = YES;
				ONLY_ACTIVE_ARCH = YES;
				SDKROOT = iphoneos;
				SWIFT_ACTIVE_COMPILATION_CONDITIONS = DEBUG;
				SWIFT_OPTIMIZATION_LEVEL = "-Onone";
			};
			name = Debug;
		};
		F37F37C61ECC2441002FDD42 /* Release */ = {
			isa = XCBuildConfiguration;
			buildSettings = {
				ALWAYS_SEARCH_USER_PATHS = NO;
				CLANG_ANALYZER_NONNULL = YES;
				CLANG_ANALYZER_NUMBER_OBJECT_CONVERSION = YES_AGGRESSIVE;
				CLANG_CXX_LANGUAGE_STANDARD = "gnu++0x";
				CLANG_CXX_LIBRARY = "libc++";
				CLANG_ENABLE_MODULES = YES;
				CLANG_ENABLE_OBJC_ARC = YES;
				CLANG_WARN_BOOL_CONVERSION = YES;
				CLANG_WARN_CONSTANT_CONVERSION = YES;
				CLANG_WARN_DIRECT_OBJC_ISA_USAGE = YES_ERROR;
				CLANG_WARN_DOCUMENTATION_COMMENTS = YES;
				CLANG_WARN_EMPTY_BODY = YES;
				CLANG_WARN_ENUM_CONVERSION = YES;
				CLANG_WARN_INFINITE_RECURSION = YES;
				CLANG_WARN_INT_CONVERSION = YES;
				CLANG_WARN_OBJC_ROOT_CLASS = YES_ERROR;
				CLANG_WARN_SUSPICIOUS_MOVE = YES;
				CLANG_WARN_UNREACHABLE_CODE = YES;
				CLANG_WARN__DUPLICATE_METHOD_MATCH = YES;
				"CODE_SIGN_IDENTITY[sdk=iphoneos*]" = "iPhone Developer";
				COPY_PHASE_STRIP = NO;
				DEBUG_INFORMATION_FORMAT = "dwarf-with-dsym";
				ENABLE_NS_ASSERTIONS = NO;
				ENABLE_STRICT_OBJC_MSGSEND = YES;
				GCC_C_LANGUAGE_STANDARD = gnu99;
				GCC_NO_COMMON_BLOCKS = YES;
				GCC_WARN_64_TO_32_BIT_CONVERSION = YES;
				GCC_WARN_ABOUT_RETURN_TYPE = YES_ERROR;
				GCC_WARN_UNDECLARED_SELECTOR = YES;
				GCC_WARN_UNINITIALIZED_AUTOS = YES_AGGRESSIVE;
				GCC_WARN_UNUSED_FUNCTION = YES;
				GCC_WARN_UNUSED_VARIABLE = YES;
				IPHONEOS_DEPLOYMENT_TARGET = 10.3;
				MTL_ENABLE_DEBUG_INFO = NO;
				SDKROOT = iphoneos;
				SWIFT_OPTIMIZATION_LEVEL = "-Owholemodule";
				VALIDATE_PRODUCT = YES;
			};
			name = Release;
		};
		F37F37C81ECC2441002FDD42 /* Debug */ = {
			isa = XCBuildConfiguration;
			buildSettings = {
				ASSETCATALOG_COMPILER_APPICON_NAME = AppIcon;
				DEVELOPMENT_TEAM = BN463B3322;
				INFOPLIST_FILE = SwiftMaisonNavigation/Info.plist;
				LD_RUNPATH_SEARCH_PATHS = "$(inherited) @executable_path/Frameworks";
				PRODUCT_BUNDLE_IDENTIFIER = com.example.hasebe.SwiftMaisonNavigation;
				PRODUCT_NAME = "$(TARGET_NAME)";
				SWIFT_VERSION = 3.0;
			};
			name = Debug;
		};
		F37F37C91ECC2441002FDD42 /* Release */ = {
			isa = XCBuildConfiguration;
			buildSettings = {
				ASSETCATALOG_COMPILER_APPICON_NAME = AppIcon;
				DEVELOPMENT_TEAM = BN463B3322;
				INFOPLIST_FILE = SwiftMaisonNavigation/Info.plist;
				LD_RUNPATH_SEARCH_PATHS = "$(inherited) @executable_path/Frameworks";
				PRODUCT_BUNDLE_IDENTIFIER = com.example.hasebe.SwiftMaisonNavigation;
				PRODUCT_NAME = "$(TARGET_NAME)";
				SWIFT_VERSION = 3.0;
			};
			name = Release;
		};
/* End XCBuildConfiguration section */

/* Begin XCConfigurationList section */
		F37F37B01ECC2441002FDD42 /* Build configuration list for PBXProject "SwiftMaisonNavigation" */ = {
			isa = XCConfigurationList;
			buildConfigurations = (
				F37F37C51ECC2441002FDD42 /* Debug */,
				F37F37C61ECC2441002FDD42 /* Release */,
			);
			defaultConfigurationIsVisible = 0;
			defaultConfigurationName = Release;
		};
		F37F37C71ECC2441002FDD42 /* Build configuration list for PBXNativeTarget "SwiftMaisonNavigation" */ = {
			isa = XCConfigurationList;
			buildConfigurations = (
				F37F37C81ECC2441002FDD42 /* Debug */,
				F37F37C91ECC2441002FDD42 /* Release */,
			);
			defaultConfigurationIsVisible = 0;
		};
/* End XCConfigurationList section */
	};
	rootObject = F37F37AD1ECC2441002FDD42 /* Project object */;
}
