// !$*UTF8*$!
{
	archiveVersion = 1;
	classes = {
	};
	objectVersion = 46;
	objects = {

/* Begin PBXBuildFile section */
		139A4E4C115DE1DEC84F5B51 /* Pods_firebase_google_login.framework in Frameworks */ = {isa = PBXBuildFile; fileRef = 80AFFE451078F5D8D1D9D75F /* Pods_firebase_google_login.framework */; };
		F325A0DE1E8CE6FF006D7B97 /* GoogleService-Info.plist in Resources */ = {isa = PBXBuildFile; fileRef = F325A0DD1E8CE6FF006D7B97 /* GoogleService-Info.plist */; };
		F325A0E01E8CE870006D7B97 /* background.jpg in Resources */ = {isa = PBXBuildFile; fileRef = F325A0DF1E8CE870006D7B97 /* background.jpg */; };
		F325A0E21E8CE934006D7B97 /* NextViewController.swift in Sources */ = {isa = PBXBuildFile; fileRef = F325A0E11E8CE934006D7B97 /* NextViewController.swift */; };
		F33AD5E21E8CE4A20065F697 /* AppDelegate.swift in Sources */ = {isa = PBXBuildFile; fileRef = F33AD5E11E8CE4A20065F697 /* AppDelegate.swift */; };
		F33AD5E41E8CE4A20065F697 /* ViewController.swift in Sources */ = {isa = PBXBuildFile; fileRef = F33AD5E31E8CE4A20065F697 /* ViewController.swift */; };
		F33AD5E71E8CE4A20065F697 /* Main.storyboard in Resources */ = {isa = PBXBuildFile; fileRef = F33AD5E51E8CE4A20065F697 /* Main.storyboard */; };
		F33AD5E91E8CE4A20065F697 /* Assets.xcassets in Resources */ = {isa = PBXBuildFile; fileRef = F33AD5E81E8CE4A20065F697 /* Assets.xcassets */; };
		F33AD5EC1E8CE4A20065F697 /* LaunchScreen.storyboard in Resources */ = {isa = PBXBuildFile; fileRef = F33AD5EA1E8CE4A20065F697 /* LaunchScreen.storyboard */; };
/* End PBXBuildFile section */

/* Begin PBXFileReference section */
		53919A1544D7B922A45AE7F0 /* Pods-firebase-google-login.release.xcconfig */ = {isa = PBXFileReference; includeInIndex = 1; lastKnownFileType = text.xcconfig; name = "Pods-firebase-google-login.release.xcconfig"; path = "Pods/Target Support Files/Pods-firebase-google-login/Pods-firebase-google-login.release.xcconfig"; sourceTree = "<group>"; };
		7082C3854362A9BF5A180FB0 /* Pods-firebase-google-login.debug.xcconfig */ = {isa = PBXFileReference; includeInIndex = 1; lastKnownFileType = text.xcconfig; name = "Pods-firebase-google-login.debug.xcconfig"; path = "Pods/Target Support Files/Pods-firebase-google-login/Pods-firebase-google-login.debug.xcconfig"; sourceTree = "<group>"; };
		80AFFE451078F5D8D1D9D75F /* Pods_firebase_google_login.framework */ = {isa = PBXFileReference; explicitFileType = wrapper.framework; includeInIndex = 0; path = Pods_firebase_google_login.framework; sourceTree = BUILT_PRODUCTS_DIR; };
		F325A0DD1E8CE6FF006D7B97 /* GoogleService-Info.plist */ = {isa = PBXFileReference; fileEncoding = 4; lastKnownFileType = text.plist.xml; path = "GoogleService-Info.plist"; sourceTree = "<group>"; };
		F325A0DF1E8CE870006D7B97 /* background.jpg */ = {isa = PBXFileReference; lastKnownFileType = image.jpeg; path = background.jpg; sourceTree = "<group>"; };
		F325A0E11E8CE934006D7B97 /* NextViewController.swift */ = {isa = PBXFileReference; fileEncoding = 4; lastKnownFileType = sourcecode.swift; path = NextViewController.swift; sourceTree = "<group>"; };
		F33AD5DE1E8CE4A20065F697 /* firebase-google-login.app */ = {isa = PBXFileReference; explicitFileType = wrapper.application; includeInIndex = 0; path = "firebase-google-login.app"; sourceTree = BUILT_PRODUCTS_DIR; };
		F33AD5E11E8CE4A20065F697 /* AppDelegate.swift */ = {isa = PBXFileReference; lastKnownFileType = sourcecode.swift; path = AppDelegate.swift; sourceTree = "<group>"; };
		F33AD5E31E8CE4A20065F697 /* ViewController.swift */ = {isa = PBXFileReference; lastKnownFileType = sourcecode.swift; path = ViewController.swift; sourceTree = "<group>"; };
		F33AD5E61E8CE4A20065F697 /* Base */ = {isa = PBXFileReference; lastKnownFileType = file.storyboard; name = Base; path = Base.lproj/Main.storyboard; sourceTree = "<group>"; };
		F33AD5E81E8CE4A20065F697 /* Assets.xcassets */ = {isa = PBXFileReference; lastKnownFileType = folder.assetcatalog; path = Assets.xcassets; sourceTree = "<group>"; };
		F33AD5EB1E8CE4A20065F697 /* Base */ = {isa = PBXFileReference; lastKnownFileType = file.storyboard; name = Base; path = Base.lproj/LaunchScreen.storyboard; sourceTree = "<group>"; };
		F33AD5ED1E8CE4A20065F697 /* Info.plist */ = {isa = PBXFileReference; lastKnownFileType = text.plist.xml; path = Info.plist; sourceTree = "<group>"; };
/* End PBXFileReference section */

/* Begin PBXFrameworksBuildPhase section */
		F33AD5DB1E8CE4A20065F697 /* Frameworks */ = {
			isa = PBXFrameworksBuildPhase;
			buildActionMask = 2147483647;
			files = (
				139A4E4C115DE1DEC84F5B51 /* Pods_firebase_google_login.framework in Frameworks */,
			);
			runOnlyForDeploymentPostprocessing = 0;
		};
/* End PBXFrameworksBuildPhase section */

/* Begin PBXGroup section */
		C36AE74CF7E09C9BEF834498 /* Frameworks */ = {
			isa = PBXGroup;
			children = (
				80AFFE451078F5D8D1D9D75F /* Pods_firebase_google_login.framework */,
			);
			name = Frameworks;
			sourceTree = "<group>";
		};
		D1AA5C2A882695E1ECAA6969 /* Pods */ = {
			isa = PBXGroup;
			children = (
				7082C3854362A9BF5A180FB0 /* Pods-firebase-google-login.debug.xcconfig */,
				53919A1544D7B922A45AE7F0 /* Pods-firebase-google-login.release.xcconfig */,
			);
			name = Pods;
			sourceTree = "<group>";
		};
		F33AD5D51E8CE4A20065F697 = {
			isa = PBXGroup;
			children = (
				F33AD5E01E8CE4A20065F697 /* firebase-google-login */,
				F33AD5DF1E8CE4A20065F697 /* Products */,
				D1AA5C2A882695E1ECAA6969 /* Pods */,
				C36AE74CF7E09C9BEF834498 /* Frameworks */,
			);
			sourceTree = "<group>";
		};
		F33AD5DF1E8CE4A20065F697 /* Products */ = {
			isa = PBXGroup;
			children = (
				F33AD5DE1E8CE4A20065F697 /* firebase-google-login.app */,
			);
			name = Products;
			sourceTree = "<group>";
		};
		F33AD5E01E8CE4A20065F697 /* firebase-google-login */ = {
			isa = PBXGroup;
			children = (
				F33AD5E11E8CE4A20065F697 /* AppDelegate.swift */,
				F33AD5E31E8CE4A20065F697 /* ViewController.swift */,
				F325A0E11E8CE934006D7B97 /* NextViewController.swift */,
				F33AD5E51E8CE4A20065F697 /* Main.storyboard */,
				F33AD5E81E8CE4A20065F697 /* Assets.xcassets */,
				F33AD5EA1E8CE4A20065F697 /* LaunchScreen.storyboard */,
				F33AD5ED1E8CE4A20065F697 /* Info.plist */,
				F325A0DD1E8CE6FF006D7B97 /* GoogleService-Info.plist */,
				F325A0DF1E8CE870006D7B97 /* background.jpg */,
			);
			path = "firebase-google-login";
			sourceTree = "<group>";
		};
/* End PBXGroup section */

/* Begin PBXNativeTarget section */
		F33AD5DD1E8CE4A20065F697 /* firebase-google-login */ = {
			isa = PBXNativeTarget;
			buildConfigurationList = F33AD5F01E8CE4A20065F697 /* Build configuration list for PBXNativeTarget "firebase-google-login" */;
			buildPhases = (
				BB26139279A65DA0C109C876 /* [CP] Check Pods Manifest.lock */,
				F33AD5DA1E8CE4A20065F697 /* Sources */,
				F33AD5DB1E8CE4A20065F697 /* Frameworks */,
				F33AD5DC1E8CE4A20065F697 /* Resources */,
				F8932B73457570963A51D20F /* [CP] Embed Pods Frameworks */,
				AFBD7281B8FA0D7268442350 /* [CP] Copy Pods Resources */,
			);
			buildRules = (
			);
			dependencies = (
			);
			name = "firebase-google-login";
			productName = "firebase-google-login";
			productReference = F33AD5DE1E8CE4A20065F697 /* firebase-google-login.app */;
			productType = "com.apple.product-type.application";
		};
/* End PBXNativeTarget section */

/* Begin PBXProject section */
		F33AD5D61E8CE4A20065F697 /* Project object */ = {
			isa = PBXProject;
			attributes = {
				LastSwiftUpdateCheck = 0830;
				LastUpgradeCheck = 0830;
				ORGANIZATIONNAME = Takanori.H;
				TargetAttributes = {
					F33AD5DD1E8CE4A20065F697 = {
						CreatedOnToolsVersion = 8.3;
						DevelopmentTeam = BN463B3322;
						ProvisioningStyle = Automatic;
					};
				};
			};
			buildConfigurationList = F33AD5D91E8CE4A20065F697 /* Build configuration list for PBXProject "firebase-google-login" */;
			compatibilityVersion = "Xcode 3.2";
			developmentRegion = English;
			hasScannedForEncodings = 0;
			knownRegions = (
				en,
				Base,
			);
			mainGroup = F33AD5D51E8CE4A20065F697;
			productRefGroup = F33AD5DF1E8CE4A20065F697 /* Products */;
			projectDirPath = "";
			projectRoot = "";
			targets = (
				F33AD5DD1E8CE4A20065F697 /* firebase-google-login */,
			);
		};
/* End PBXProject section */

/* Begin PBXResourcesBuildPhase section */
		F33AD5DC1E8CE4A20065F697 /* Resources */ = {
			isa = PBXResourcesBuildPhase;
			buildActionMask = 2147483647;
			files = (
				F325A0DE1E8CE6FF006D7B97 /* GoogleService-Info.plist in Resources */,
				F325A0E01E8CE870006D7B97 /* background.jpg in Resources */,
				F33AD5EC1E8CE4A20065F697 /* LaunchScreen.storyboard in Resources */,
				F33AD5E91E8CE4A20065F697 /* Assets.xcassets in Resources */,
				F33AD5E71E8CE4A20065F697 /* Main.storyboard in Resources */,
			);
			runOnlyForDeploymentPostprocessing = 0;
		};
/* End PBXResourcesBuildPhase section */

/* Begin PBXShellScriptBuildPhase section */
		AFBD7281B8FA0D7268442350 /* [CP] Copy Pods Resources */ = {
			isa = PBXShellScriptBuildPhase;
			buildActionMask = 2147483647;
			files = (
			);
			inputPaths = (
			);
			name = "[CP] Copy Pods Resources";
			outputPaths = (
			);
			runOnlyForDeploymentPostprocessing = 0;
			shellPath = /bin/sh;
			shellScript = "\"${SRCROOT}/Pods/Target Support Files/Pods-firebase-google-login/Pods-firebase-google-login-resources.sh\"\n";
			showEnvVarsInLog = 0;
		};
		BB26139279A65DA0C109C876 /* [CP] Check Pods Manifest.lock */ = {
			isa = PBXShellScriptBuildPhase;
			buildActionMask = 2147483647;
			files = (
			);
			inputPaths = (
			);
			name = "[CP] Check Pods Manifest.lock";
			outputPaths = (
			);
			runOnlyForDeploymentPostprocessing = 0;
			shellPath = /bin/sh;
			shellScript = "diff \"${PODS_ROOT}/../Podfile.lock\" \"${PODS_ROOT}/Manifest.lock\" > /dev/null\nif [ $? != 0 ] ; then\n    # print error to STDERR\n    echo \"error: The sandbox is not in sync with the Podfile.lock. Run 'pod install' or update your CocoaPods installation.\" >&2\n    exit 1\nfi\n";
			showEnvVarsInLog = 0;
		};
		F8932B73457570963A51D20F /* [CP] Embed Pods Frameworks */ = {
			isa = PBXShellScriptBuildPhase;
			buildActionMask = 2147483647;
			files = (
			);
			inputPaths = (
			);
			name = "[CP] Embed Pods Frameworks";
			outputPaths = (
			);
			runOnlyForDeploymentPostprocessing = 0;
			shellPath = /bin/sh;
			shellScript = "\"${SRCROOT}/Pods/Target Support Files/Pods-firebase-google-login/Pods-firebase-google-login-frameworks.sh\"\n";
			showEnvVarsInLog = 0;
		};
/* End PBXShellScriptBuildPhase section */

/* Begin PBXSourcesBuildPhase section */
		F33AD5DA1E8CE4A20065F697 /* Sources */ = {
			isa = PBXSourcesBuildPhase;
			buildActionMask = 2147483647;
			files = (
				F33AD5E41E8CE4A20065F697 /* ViewController.swift in Sources */,
				F325A0E21E8CE934006D7B97 /* NextViewController.swift in Sources */,
				F33AD5E21E8CE4A20065F697 /* AppDelegate.swift in Sources */,
			);
			runOnlyForDeploymentPostprocessing = 0;
		};
/* End PBXSourcesBuildPhase section */

/* Begin PBXVariantGroup section */
		F33AD5E51E8CE4A20065F697 /* Main.storyboard */ = {
			isa = PBXVariantGroup;
			children = (
				F33AD5E61E8CE4A20065F697 /* Base */,
			);
			name = Main.storyboard;
			sourceTree = "<group>";
		};
		F33AD5EA1E8CE4A20065F697 /* LaunchScreen.storyboard */ = {
			isa = PBXVariantGroup;
			children = (
				F33AD5EB1E8CE4A20065F697 /* Base */,
			);
			name = LaunchScreen.storyboard;
			sourceTree = "<group>";
		};
/* End PBXVariantGroup section */

/* Begin XCBuildConfiguration section */
		F33AD5EE1E8CE4A20065F697 /* Debug */ = {
			isa = XCBuildConfiguration;
			buildSettings = {
				ALWAYS_SEARCH_USER_PATHS = NO;
				CLANG_ANALYZER_NONNULL = YES;
				CLANG_ANALYZER_NUMBER_OBJECT_CONVERSION = YES_AGGRESSIVE;
				CLANG_CXX_LANGUAGE_STANDARD = "gnu++0x";
				CLANG_CXX_LIBRARY = "libc++";
				CLANG_ENABLE_MODULES = YES;
				CLANG_ENABLE_OBJC_ARC = YES;
				CLANG_WARN_BOOL_CONVERSION = YES;
				CLANG_WARN_CONSTANT_CONVERSION = YES;
				CLANG_WARN_DIRECT_OBJC_ISA_USAGE = YES_ERROR;
				CLANG_WARN_DOCUMENTATION_COMMENTS = YES;
				CLANG_WARN_EMPTY_BODY = YES;
				CLANG_WARN_ENUM_CONVERSION = YES;
				CLANG_WARN_INFINITE_RECURSION = YES;
				CLANG_WARN_INT_CONVERSION = YES;
				CLANG_WARN_OBJC_ROOT_CLASS = YES_ERROR;
				CLANG_WARN_SUSPICIOUS_MOVE = YES;
				CLANG_WARN_UNREACHABLE_CODE = YES;
				CLANG_WARN__DUPLICATE_METHOD_MATCH = YES;
				"CODE_SIGN_IDENTITY[sdk=iphoneos*]" = "iPhone Developer";
				COPY_PHASE_STRIP = NO;
				DEBUG_INFORMATION_FORMAT = dwarf;
				ENABLE_STRICT_OBJC_MSGSEND = YES;
				ENABLE_TESTABILITY = YES;
				GCC_C_LANGUAGE_STANDARD = gnu99;
				GCC_DYNAMIC_NO_PIC = NO;
				GCC_NO_COMMON_BLOCKS = YES;
				GCC_OPTIMIZATION_LEVEL = 0;
				GCC_PREPROCESSOR_DEFINITIONS = (
					"DEBUG=1",
					"$(inherited)",
				);
				GCC_WARN_64_TO_32_BIT_CONVERSION = YES;
				GCC_WARN_ABOUT_RETURN_TYPE = YES_ERROR;
				GCC_WARN_UNDECLARED_SELECTOR = YES;
				GCC_WARN_UNINITIALIZED_AUTOS = YES_AGGRESSIVE;
				GCC_WARN_UNUSED_FUNCTION = YES;
				GCC_WARN_UNUSED_VARIABLE = YES;
				IPHONEOS_DEPLOYMENT_TARGET = 10.3;
				MTL_ENABLE_DEBUG_INFO = YES;
				ONLY_ACTIVE_ARCH = YES;
				SDKROOT = iphoneos;
				SWIFT_ACTIVE_COMPILATION_CONDITIONS = DEBUG;
				SWIFT_OPTIMIZATION_LEVEL = "-Onone";
			};
			name = Debug;
		};
		F33AD5EF1E8CE4A20065F697 /* Release */ = {
			isa = XCBuildConfiguration;
			buildSettings = {
				ALWAYS_SEARCH_USER_PATHS = NO;
				CLANG_ANALYZER_NONNULL = YES;
				CLANG_ANALYZER_NUMBER_OBJECT_CONVERSION = YES_AGGRESSIVE;
				CLANG_CXX_LANGUAGE_STANDARD = "gnu++0x";
				CLANG_CXX_LIBRARY = "libc++";
				CLANG_ENABLE_MODULES = YES;
				CLANG_ENABLE_OBJC_ARC = YES;
				CLANG_WARN_BOOL_CONVERSION = YES;
				CLANG_WARN_CONSTANT_CONVERSION = YES;
				CLANG_WARN_DIRECT_OBJC_ISA_USAGE = YES_ERROR;
				CLANG_WARN_DOCUMENTATION_COMMENTS = YES;
				CLANG_WARN_EMPTY_BODY = YES;
				CLANG_WARN_ENUM_CONVERSION = YES;
				CLANG_WARN_INFINITE_RECURSION = YES;
				CLANG_WARN_INT_CONVERSION = YES;
				CLANG_WARN_OBJC_ROOT_CLASS = YES_ERROR;
				CLANG_WARN_SUSPICIOUS_MOVE = YES;
				CLANG_WARN_UNREACHABLE_CODE = YES;
				CLANG_WARN__DUPLICATE_METHOD_MATCH = YES;
				"CODE_SIGN_IDENTITY[sdk=iphoneos*]" = "iPhone Developer";
				COPY_PHASE_STRIP = NO;
				DEBUG_INFORMATION_FORMAT = "dwarf-with-dsym";
				ENABLE_NS_ASSERTIONS = NO;
				ENABLE_STRICT_OBJC_MSGSEND = YES;
				GCC_C_LANGUAGE_STANDARD = gnu99;
				GCC_NO_COMMON_BLOCKS = YES;
				GCC_WARN_64_TO_32_BIT_CONVERSION = YES;
				GCC_WARN_ABOUT_RETURN_TYPE = YES_ERROR;
				GCC_WARN_UNDECLARED_SELECTOR = YES;
				GCC_WARN_UNINITIALIZED_AUTOS = YES_AGGRESSIVE;
				GCC_WARN_UNUSED_FUNCTION = YES;
				GCC_WARN_UNUSED_VARIABLE = YES;
				IPHONEOS_DEPLOYMENT_TARGET = 10.3;
				MTL_ENABLE_DEBUG_INFO = NO;
				SDKROOT = iphoneos;
				SWIFT_OPTIMIZATION_LEVEL = "-Owholemodule";
				VALIDATE_PRODUCT = YES;
			};
			name = Release;
		};
		F33AD5F11E8CE4A20065F697 /* Debug */ = {
			isa = XCBuildConfiguration;
			baseConfigurationReference = 7082C3854362A9BF5A180FB0 /* Pods-firebase-google-login.debug.xcconfig */;
			buildSettings = {
				ASSETCATALOG_COMPILER_APPICON_NAME = AppIcon;
				DEVELOPMENT_TEAM = BN463B3322;
				INFOPLIST_FILE = "firebase-google-login/Info.plist";
				LD_RUNPATH_SEARCH_PATHS = "$(inherited) @executable_path/Frameworks";
				PRODUCT_BUNDLE_IDENTIFIER = "com.example.hasebe.firebase-google-login";
				PRODUCT_NAME = "$(TARGET_NAME)";
				SWIFT_VERSION = 3.0;
			};
			name = Debug;
		};
		F33AD5F21E8CE4A20065F697 /* Release */ = {
			isa = XCBuildConfiguration;
			baseConfigurationReference = 53919A1544D7B922A45AE7F0 /* Pods-firebase-google-login.release.xcconfig */;
			buildSettings = {
				ASSETCATALOG_COMPILER_APPICON_NAME = AppIcon;
				DEVELOPMENT_TEAM = BN463B3322;
				INFOPLIST_FILE = "firebase-google-login/Info.plist";
				LD_RUNPATH_SEARCH_PATHS = "$(inherited) @executable_path/Frameworks";
				PRODUCT_BUNDLE_IDENTIFIER = "com.example.hasebe.firebase-google-login";
				PRODUCT_NAME = "$(TARGET_NAME)";
				SWIFT_VERSION = 3.0;
			};
			name = Release;
		};
/* End XCBuildConfiguration section */

/* Begin XCConfigurationList section */
		F33AD5D91E8CE4A20065F697 /* Build configuration list for PBXProject "firebase-google-login" */ = {
			isa = XCConfigurationList;
			buildConfigurations = (
				F33AD5EE1E8CE4A20065F697 /* Debug */,
				F33AD5EF1E8CE4A20065F697 /* Release */,
			);
			defaultConfigurationIsVisible = 0;
			defaultConfigurationName = Release;
		};
		F33AD5F01E8CE4A20065F697 /* Build configuration list for PBXNativeTarget "firebase-google-login" */ = {
			isa = XCConfigurationList;
			buildConfigurations = (
				F33AD5F11E8CE4A20065F697 /* Debug */,
				F33AD5F21E8CE4A20065F697 /* Release */,
			);
			defaultConfigurationIsVisible = 0;
			defaultConfigurationName = Release;
		};
/* End XCConfigurationList section */
	};
	rootObject = F33AD5D61E8CE4A20065F697 /* Project object */;
}
