// !$*UTF8*$!
{
	archiveVersion = 1;
	classes = {
	};
	objectVersion = 46;
	objects = {

/* Begin PBXBuildFile section */
		9ED7FC558EB460CDCFA8416C /* Pods_firebase_gmail_login.framework in Frameworks */ = {isa = PBXBuildFile; fileRef = F291529517106F9E4E3939AC /* Pods_firebase_gmail_login.framework */; };
		F39EB3B81E8CDD9D00BC9321 /* GoogleService-Info.plist in Resources */ = {isa = PBXBuildFile; fileRef = F39EB3B71E8CDD9D00BC9321 /* GoogleService-Info.plist */; };
		F3A3C8EB1E8A5775003AA025 /* AppDelegate.swift in Sources */ = {isa = PBXBuildFile; fileRef = F3A3C8EA1E8A5775003AA025 /* AppDelegate.swift */; };
		F3A3C8ED1E8A5775003AA025 /* ViewController.swift in Sources */ = {isa = PBXBuildFile; fileRef = F3A3C8EC1E8A5775003AA025 /* ViewController.swift */; };
		F3A3C8F01E8A5775003AA025 /* Main.storyboard in Resources */ = {isa = PBXBuildFile; fileRef = F3A3C8EE1E8A5775003AA025 /* Main.storyboard */; };
		F3A3C8F21E8A5775003AA025 /* Assets.xcassets in Resources */ = {isa = PBXBuildFile; fileRef = F3A3C8F11E8A5775003AA025 /* Assets.xcassets */; };
		F3A3C8F51E8A5775003AA025 /* LaunchScreen.storyboard in Resources */ = {isa = PBXBuildFile; fileRef = F3A3C8F31E8A5775003AA025 /* LaunchScreen.storyboard */; };
		F3A3C8FD1E8A5D58003AA025 /* SignUpViewController.swift in Sources */ = {isa = PBXBuildFile; fileRef = F3A3C8FC1E8A5D58003AA025 /* SignUpViewController.swift */; };
/* End PBXBuildFile section */

/* Begin PBXFileReference section */
		19F37F83D149782C39380B5E /* Pods-firebase-gmail-login.debug.xcconfig */ = {isa = PBXFileReference; includeInIndex = 1; lastKnownFileType = text.xcconfig; name = "Pods-firebase-gmail-login.debug.xcconfig"; path = "Pods/Target Support Files/Pods-firebase-gmail-login/Pods-firebase-gmail-login.debug.xcconfig"; sourceTree = "<group>"; };
		1E4023D6C449BFA2C939AD9A /* Pods-firebase-gmail-login.release.xcconfig */ = {isa = PBXFileReference; includeInIndex = 1; lastKnownFileType = text.xcconfig; name = "Pods-firebase-gmail-login.release.xcconfig"; path = "Pods/Target Support Files/Pods-firebase-gmail-login/Pods-firebase-gmail-login.release.xcconfig"; sourceTree = "<group>"; };
		F291529517106F9E4E3939AC /* Pods_firebase_gmail_login.framework */ = {isa = PBXFileReference; explicitFileType = wrapper.framework; includeInIndex = 0; path = Pods_firebase_gmail_login.framework; sourceTree = BUILT_PRODUCTS_DIR; };
		F39EB3B71E8CDD9D00BC9321 /* GoogleService-Info.plist */ = {isa = PBXFileReference; fileEncoding = 4; lastKnownFileType = text.plist.xml; path = "GoogleService-Info.plist"; sourceTree = "<group>"; };
		F3A3C8E71E8A5775003AA025 /* firebase-gmail-login.app */ = {isa = PBXFileReference; explicitFileType = wrapper.application; includeInIndex = 0; path = "firebase-gmail-login.app"; sourceTree = BUILT_PRODUCTS_DIR; };
		F3A3C8EA1E8A5775003AA025 /* AppDelegate.swift */ = {isa = PBXFileReference; lastKnownFileType = sourcecode.swift; path = AppDelegate.swift; sourceTree = "<group>"; };
		F3A3C8EC1E8A5775003AA025 /* ViewController.swift */ = {isa = PBXFileReference; lastKnownFileType = sourcecode.swift; path = ViewController.swift; sourceTree = "<group>"; };
		F3A3C8EF1E8A5775003AA025 /* Base */ = {isa = PBXFileReference; lastKnownFileType = file.storyboard; name = Base; path = Base.lproj/Main.storyboard; sourceTree = "<group>"; };
		F3A3C8F11E8A5775003AA025 /* Assets.xcassets */ = {isa = PBXFileReference; lastKnownFileType = folder.assetcatalog; path = Assets.xcassets; sourceTree = "<group>"; };
		F3A3C8F41E8A5775003AA025 /* Base */ = {isa = PBXFileReference; lastKnownFileType = file.storyboard; name = Base; path = Base.lproj/LaunchScreen.storyboard; sourceTree = "<group>"; };
		F3A3C8F61E8A5775003AA025 /* Info.plist */ = {isa = PBXFileReference; lastKnownFileType = text.plist.xml; path = Info.plist; sourceTree = "<group>"; };
		F3A3C8FC1E8A5D58003AA025 /* SignUpViewController.swift */ = {isa = PBXFileReference; fileEncoding = 4; lastKnownFileType = sourcecode.swift; path = SignUpViewController.swift; sourceTree = "<group>"; };
/* End PBXFileReference section */

/* Begin PBXFrameworksBuildPhase section */
		F3A3C8E41E8A5775003AA025 /* Frameworks */ = {
			isa = PBXFrameworksBuildPhase;
			buildActionMask = 2147483647;
			files = (
				9ED7FC558EB460CDCFA8416C /* Pods_firebase_gmail_login.framework in Frameworks */,
			);
			runOnlyForDeploymentPostprocessing = 0;
		};
/* End PBXFrameworksBuildPhase section */

/* Begin PBXGroup section */
		093B4440BE76934B66E3C4F3 /* Pods */ = {
			isa = PBXGroup;
			children = (
				19F37F83D149782C39380B5E /* Pods-firebase-gmail-login.debug.xcconfig */,
				1E4023D6C449BFA2C939AD9A /* Pods-firebase-gmail-login.release.xcconfig */,
			);
			name = Pods;
			sourceTree = "<group>";
		};
		E9DBABE6E851340B4A6A0966 /* Frameworks */ = {
			isa = PBXGroup;
			children = (
				F291529517106F9E4E3939AC /* Pods_firebase_gmail_login.framework */,
			);
			name = Frameworks;
			sourceTree = "<group>";
		};
		F3A3C8DE1E8A5775003AA025 = {
			isa = PBXGroup;
			children = (
				F3A3C8E91E8A5775003AA025 /* firebase-gmail-login */,
				F3A3C8E81E8A5775003AA025 /* Products */,
				093B4440BE76934B66E3C4F3 /* Pods */,
				E9DBABE6E851340B4A6A0966 /* Frameworks */,
			);
			sourceTree = "<group>";
		};
		F3A3C8E81E8A5775003AA025 /* Products */ = {
			isa = PBXGroup;
			children = (
				F3A3C8E71E8A5775003AA025 /* firebase-gmail-login.app */,
			);
			name = Products;
			sourceTree = "<group>";
		};
		F3A3C8E91E8A5775003AA025 /* firebase-gmail-login */ = {
			isa = PBXGroup;
			children = (
				F3A3C8EA1E8A5775003AA025 /* AppDelegate.swift */,
				F3A3C8EC1E8A5775003AA025 /* ViewController.swift */,
				F3A3C8EE1E8A5775003AA025 /* Main.storyboard */,
				F3A3C8FC1E8A5D58003AA025 /* SignUpViewController.swift */,
				F3A3C8F11E8A5775003AA025 /* Assets.xcassets */,
				F3A3C8F31E8A5775003AA025 /* LaunchScreen.storyboard */,
				F3A3C8F61E8A5775003AA025 /* Info.plist */,
				F39EB3B71E8CDD9D00BC9321 /* GoogleService-Info.plist */,
			);
			path = "firebase-gmail-login";
			sourceTree = "<group>";
		};
/* End PBXGroup section */

/* Begin PBXNativeTarget section */
		F3A3C8E61E8A5775003AA025 /* firebase-gmail-login */ = {
			isa = PBXNativeTarget;
			buildConfigurationList = F3A3C8F91E8A5775003AA025 /* Build configuration list for PBXNativeTarget "firebase-gmail-login" */;
			buildPhases = (
				A34BBB7D97F321D3BD767006 /* [CP] Check Pods Manifest.lock */,
				F3A3C8E31E8A5775003AA025 /* Sources */,
				F3A3C8E41E8A5775003AA025 /* Frameworks */,
				F3A3C8E51E8A5775003AA025 /* Resources */,
				4F343B5EC2432B5AEC10FA06 /* [CP] Embed Pods Frameworks */,
				C92D29955457734A2124F9D8 /* [CP] Copy Pods Resources */,
			);
			buildRules = (
			);
			dependencies = (
			);
			name = "firebase-gmail-login";
			productName = "firebase-gmail-login";
			productReference = F3A3C8E71E8A5775003AA025 /* firebase-gmail-login.app */;
			productType = "com.apple.product-type.application";
		};
/* End PBXNativeTarget section */

/* Begin PBXProject section */
		F3A3C8DF1E8A5775003AA025 /* Project object */ = {
			isa = PBXProject;
			attributes = {
				LastSwiftUpdateCheck = 0830;
				LastUpgradeCheck = 0830;
				ORGANIZATIONNAME = Takanori.H;
				TargetAttributes = {
					F3A3C8E61E8A5775003AA025 = {
						CreatedOnToolsVersion = 8.3;
						DevelopmentTeam = BN463B3322;
						ProvisioningStyle = Automatic;
					};
				};
			};
			buildConfigurationList = F3A3C8E21E8A5775003AA025 /* Build configuration list for PBXProject "firebase-gmail-login" */;
			compatibilityVersion = "Xcode 3.2";
			developmentRegion = English;
			hasScannedForEncodings = 0;
			knownRegions = (
				en,
				Base,
			);
			mainGroup = F3A3C8DE1E8A5775003AA025;
			productRefGroup = F3A3C8E81E8A5775003AA025 /* Products */;
			projectDirPath = "";
			projectRoot = "";
			targets = (
				F3A3C8E61E8A5775003AA025 /* firebase-gmail-login */,
			);
		};
/* End PBXProject section */

/* Begin PBXResourcesBuildPhase section */
		F3A3C8E51E8A5775003AA025 /* Resources */ = {
			isa = PBXResourcesBuildPhase;
			buildActionMask = 2147483647;
			files = (
				F39EB3B81E8CDD9D00BC9321 /* GoogleService-Info.plist in Resources */,
				F3A3C8F51E8A5775003AA025 /* LaunchScreen.storyboard in Resources */,
				F3A3C8F21E8A5775003AA025 /* Assets.xcassets in Resources */,
				F3A3C8F01E8A5775003AA025 /* Main.storyboard in Resources */,
			);
			runOnlyForDeploymentPostprocessing = 0;
		};
/* End PBXResourcesBuildPhase section */

/* Begin PBXShellScriptBuildPhase section */
		4F343B5EC2432B5AEC10FA06 /* [CP] Embed Pods Frameworks */ = {
			isa = PBXShellScriptBuildPhase;
			buildActionMask = 2147483647;
			files = (
			);
			inputPaths = (
			);
			name = "[CP] Embed Pods Frameworks";
			outputPaths = (
			);
			runOnlyForDeploymentPostprocessing = 0;
			shellPath = /bin/sh;
			shellScript = "\"${SRCROOT}/Pods/Target Support Files/Pods-firebase-gmail-login/Pods-firebase-gmail-login-frameworks.sh\"\n";
			showEnvVarsInLog = 0;
		};
		A34BBB7D97F321D3BD767006 /* [CP] Check Pods Manifest.lock */ = {
			isa = PBXShellScriptBuildPhase;
			buildActionMask = 2147483647;
			files = (
			);
			inputPaths = (
			);
			name = "[CP] Check Pods Manifest.lock";
			outputPaths = (
			);
			runOnlyForDeploymentPostprocessing = 0;
			shellPath = /bin/sh;
			shellScript = "diff \"${PODS_ROOT}/../Podfile.lock\" \"${PODS_ROOT}/Manifest.lock\" > /dev/null\nif [ $? != 0 ] ; then\n    # print error to STDERR\n    echo \"error: The sandbox is not in sync with the Podfile.lock. Run 'pod install' or update your CocoaPods installation.\" >&2\n    exit 1\nfi\n";
			showEnvVarsInLog = 0;
		};
		C92D29955457734A2124F9D8 /* [CP] Copy Pods Resources */ = {
			isa = PBXShellScriptBuildPhase;
			buildActionMask = 2147483647;
			files = (
			);
			inputPaths = (
			);
			name = "[CP] Copy Pods Resources";
			outputPaths = (
			);
			runOnlyForDeploymentPostprocessing = 0;
			shellPath = /bin/sh;
			shellScript = "\"${SRCROOT}/Pods/Target Support Files/Pods-firebase-gmail-login/Pods-firebase-gmail-login-resources.sh\"\n";
			showEnvVarsInLog = 0;
		};
/* End PBXShellScriptBuildPhase section */

/* Begin PBXSourcesBuildPhase section */
		F3A3C8E31E8A5775003AA025 /* Sources */ = {
			isa = PBXSourcesBuildPhase;
			buildActionMask = 2147483647;
			files = (
				F3A3C8FD1E8A5D58003AA025 /* SignUpViewController.swift in Sources */,
				F3A3C8ED1E8A5775003AA025 /* ViewController.swift in Sources */,
				F3A3C8EB1E8A5775003AA025 /* AppDelegate.swift in Sources */,
			);
			runOnlyForDeploymentPostprocessing = 0;
		};
/* End PBXSourcesBuildPhase section */

/* Begin PBXVariantGroup section */
		F3A3C8EE1E8A5775003AA025 /* Main.storyboard */ = {
			isa = PBXVariantGroup;
			children = (
				F3A3C8EF1E8A5775003AA025 /* Base */,
			);
			name = Main.storyboard;
			sourceTree = "<group>";
		};
		F3A3C8F31E8A5775003AA025 /* LaunchScreen.storyboard */ = {
			isa = PBXVariantGroup;
			children = (
				F3A3C8F41E8A5775003AA025 /* Base */,
			);
			name = LaunchScreen.storyboard;
			sourceTree = "<group>";
		};
/* End PBXVariantGroup section */

/* Begin XCBuildConfiguration section */
		F3A3C8F71E8A5775003AA025 /* Debug */ = {
			isa = XCBuildConfiguration;
			buildSettings = {
				ALWAYS_SEARCH_USER_PATHS = NO;
				CLANG_ANALYZER_NONNULL = YES;
				CLANG_ANALYZER_NUMBER_OBJECT_CONVERSION = YES_AGGRESSIVE;
				CLANG_CXX_LANGUAGE_STANDARD = "gnu++0x";
				CLANG_CXX_LIBRARY = "libc++";
				CLANG_ENABLE_MODULES = YES;
				CLANG_ENABLE_OBJC_ARC = YES;
				CLANG_WARN_BOOL_CONVERSION = YES;
				CLANG_WARN_CONSTANT_CONVERSION = YES;
				CLANG_WARN_DIRECT_OBJC_ISA_USAGE = YES_ERROR;
				CLANG_WARN_DOCUMENTATION_COMMENTS = YES;
				CLANG_WARN_EMPTY_BODY = YES;
				CLANG_WARN_ENUM_CONVERSION = YES;
				CLANG_WARN_INFINITE_RECURSION = YES;
				CLANG_WARN_INT_CONVERSION = YES;
				CLANG_WARN_OBJC_ROOT_CLASS = YES_ERROR;
				CLANG_WARN_SUSPICIOUS_MOVE = YES;
				CLANG_WARN_UNREACHABLE_CODE = YES;
				CLANG_WARN__DUPLICATE_METHOD_MATCH = YES;
				"CODE_SIGN_IDENTITY[sdk=iphoneos*]" = "iPhone Developer";
				COPY_PHASE_STRIP = NO;
				DEBUG_INFORMATION_FORMAT = dwarf;
				ENABLE_STRICT_OBJC_MSGSEND = YES;
				ENABLE_TESTABILITY = YES;
				GCC_C_LANGUAGE_STANDARD = gnu99;
				GCC_DYNAMIC_NO_PIC = NO;
				GCC_NO_COMMON_BLOCKS = YES;
				GCC_OPTIMIZATION_LEVEL = 0;
				GCC_PREPROCESSOR_DEFINITIONS = (
					"DEBUG=1",
					"$(inherited)",
				);
				GCC_WARN_64_TO_32_BIT_CONVERSION = YES;
				GCC_WARN_ABOUT_RETURN_TYPE = YES_ERROR;
				GCC_WARN_UNDECLARED_SELECTOR = YES;
				GCC_WARN_UNINITIALIZED_AUTOS = YES_AGGRESSIVE;
				GCC_WARN_UNUSED_FUNCTION = YES;
				GCC_WARN_UNUSED_VARIABLE = YES;
				IPHONEOS_DEPLOYMENT_TARGET = 10.3;
				MTL_ENABLE_DEBUG_INFO = YES;
				ONLY_ACTIVE_ARCH = YES;
				SDKROOT = iphoneos;
				SWIFT_ACTIVE_COMPILATION_CONDITIONS = DEBUG;
				SWIFT_OPTIMIZATION_LEVEL = "-Onone";
			};
			name = Debug;
		};
		F3A3C8F81E8A5775003AA025 /* Release */ = {
			isa = XCBuildConfiguration;
			buildSettings = {
				ALWAYS_SEARCH_USER_PATHS = NO;
				CLANG_ANALYZER_NONNULL = YES;
				CLANG_ANALYZER_NUMBER_OBJECT_CONVERSION = YES_AGGRESSIVE;
				CLANG_CXX_LANGUAGE_STANDARD = "gnu++0x";
				CLANG_CXX_LIBRARY = "libc++";
				CLANG_ENABLE_MODULES = YES;
				CLANG_ENABLE_OBJC_ARC = YES;
				CLANG_WARN_BOOL_CONVERSION = YES;
				CLANG_WARN_CONSTANT_CONVERSION = YES;
				CLANG_WARN_DIRECT_OBJC_ISA_USAGE = YES_ERROR;
				CLANG_WARN_DOCUMENTATION_COMMENTS = YES;
				CLANG_WARN_EMPTY_BODY = YES;
				CLANG_WARN_ENUM_CONVERSION = YES;
				CLANG_WARN_INFINITE_RECURSION = YES;
				CLANG_WARN_INT_CONVERSION = YES;
				CLANG_WARN_OBJC_ROOT_CLASS = YES_ERROR;
				CLANG_WARN_SUSPICIOUS_MOVE = YES;
				CLANG_WARN_UNREACHABLE_CODE = YES;
				CLANG_WARN__DUPLICATE_METHOD_MATCH = YES;
				"CODE_SIGN_IDENTITY[sdk=iphoneos*]" = "iPhone Developer";
				COPY_PHASE_STRIP = NO;
				DEBUG_INFORMATION_FORMAT = "dwarf-with-dsym";
				ENABLE_NS_ASSERTIONS = NO;
				ENABLE_STRICT_OBJC_MSGSEND = YES;
				GCC_C_LANGUAGE_STANDARD = gnu99;
				GCC_NO_COMMON_BLOCKS = YES;
				GCC_WARN_64_TO_32_BIT_CONVERSION = YES;
				GCC_WARN_ABOUT_RETURN_TYPE = YES_ERROR;
				GCC_WARN_UNDECLARED_SELECTOR = YES;
				GCC_WARN_UNINITIALIZED_AUTOS = YES_AGGRESSIVE;
				GCC_WARN_UNUSED_FUNCTION = YES;
				GCC_WARN_UNUSED_VARIABLE = YES;
				IPHONEOS_DEPLOYMENT_TARGET = 10.3;
				MTL_ENABLE_DEBUG_INFO = NO;
				SDKROOT = iphoneos;
				SWIFT_OPTIMIZATION_LEVEL = "-Owholemodule";
				VALIDATE_PRODUCT = YES;
			};
			name = Release;
		};
		F3A3C8FA1E8A5775003AA025 /* Debug */ = {
			isa = XCBuildConfiguration;
			baseConfigurationReference = 19F37F83D149782C39380B5E /* Pods-firebase-gmail-login.debug.xcconfig */;
			buildSettings = {
				ASSETCATALOG_COMPILER_APPICON_NAME = AppIcon;
				DEVELOPMENT_TEAM = BN463B3322;
				INFOPLIST_FILE = "firebase-gmail-login/Info.plist";
				LD_RUNPATH_SEARCH_PATHS = "$(inherited) @executable_path/Frameworks";
				PRODUCT_BUNDLE_IDENTIFIER = "com.example.hasebe.firebase-gmail-login";
				PRODUCT_NAME = "$(TARGET_NAME)";
				SWIFT_VERSION = 3.0;
			};
			name = Debug;
		};
		F3A3C8FB1E8A5775003AA025 /* Release */ = {
			isa = XCBuildConfiguration;
			baseConfigurationReference = 1E4023D6C449BFA2C939AD9A /* Pods-firebase-gmail-login.release.xcconfig */;
			buildSettings = {
				ASSETCATALOG_COMPILER_APPICON_NAME = AppIcon;
				DEVELOPMENT_TEAM = BN463B3322;
				INFOPLIST_FILE = "firebase-gmail-login/Info.plist";
				LD_RUNPATH_SEARCH_PATHS = "$(inherited) @executable_path/Frameworks";
				PRODUCT_BUNDLE_IDENTIFIER = "com.example.hasebe.firebase-gmail-login";
				PRODUCT_NAME = "$(TARGET_NAME)";
				SWIFT_VERSION = 3.0;
			};
			name = Release;
		};
/* End XCBuildConfiguration section */

/* Begin XCConfigurationList section */
		F3A3C8E21E8A5775003AA025 /* Build configuration list for PBXProject "firebase-gmail-login" */ = {
			isa = XCConfigurationList;
			buildConfigurations = (
				F3A3C8F71E8A5775003AA025 /* Debug */,
				F3A3C8F81E8A5775003AA025 /* Release */,
			);
			defaultConfigurationIsVisible = 0;
			defaultConfigurationName = Release;
		};
		F3A3C8F91E8A5775003AA025 /* Build configuration list for PBXNativeTarget "firebase-gmail-login" */ = {
			isa = XCConfigurationList;
			buildConfigurations = (
				F3A3C8FA1E8A5775003AA025 /* Debug */,
				F3A3C8FB1E8A5775003AA025 /* Release */,
			);
			defaultConfigurationIsVisible = 0;
			defaultConfigurationName = Release;
		};
/* End XCConfigurationList section */
	};
	rootObject = F3A3C8DF1E8A5775003AA025 /* Project object */;
}
