// !$*UTF8*$!
{
	archiveVersion = 1;
	classes = {
	};
	objectVersion = 46;
	objects = {

/* Begin PBXBuildFile section */
		F325F33D1EAD672200396537 /* AppDelegate.swift in Sources */ = {isa = PBXBuildFile; fileRef = F325F33C1EAD672200396537 /* AppDelegate.swift */; };
		F325F33F1EAD672200396537 /* ViewController.swift in Sources */ = {isa = PBXBuildFile; fileRef = F325F33E1EAD672200396537 /* ViewController.swift */; };
		F325F3421EAD672200396537 /* Main.storyboard in Resources */ = {isa = PBXBuildFile; fileRef = F325F3401EAD672200396537 /* Main.storyboard */; };
		F325F3441EAD672200396537 /* Assets.xcassets in Resources */ = {isa = PBXBuildFile; fileRef = F325F3431EAD672200396537 /* Assets.xcassets */; };
		F325F3471EAD672200396537 /* LaunchScreen.storyboard in Resources */ = {isa = PBXBuildFile; fileRef = F325F3451EAD672200396537 /* LaunchScreen.storyboard */; };
		F325F3501EAD695C00396537 /* MapKit.framework in Frameworks */ = {isa = PBXBuildFile; fileRef = F325F34F1EAD695C00396537 /* MapKit.framework */; };
		F325F3521EAD696C00396537 /* CoreLocation.framework in Frameworks */ = {isa = PBXBuildFile; fileRef = F325F3511EAD696C00396537 /* CoreLocation.framework */; };
/* End PBXBuildFile section */

/* Begin PBXFileReference section */
		F325F3391EAD672200396537 /* SwiftCurrentMap.app */ = {isa = PBXFileReference; explicitFileType = wrapper.application; includeInIndex = 0; path = SwiftCurrentMap.app; sourceTree = BUILT_PRODUCTS_DIR; };
		F325F33C1EAD672200396537 /* AppDelegate.swift */ = {isa = PBXFileReference; lastKnownFileType = sourcecode.swift; path = AppDelegate.swift; sourceTree = "<group>"; };
		F325F33E1EAD672200396537 /* ViewController.swift */ = {isa = PBXFileReference; lastKnownFileType = sourcecode.swift; path = ViewController.swift; sourceTree = "<group>"; };
		F325F3411EAD672200396537 /* Base */ = {isa = PBXFileReference; lastKnownFileType = file.storyboard; name = Base; path = Base.lproj/Main.storyboard; sourceTree = "<group>"; };
		F325F3431EAD672200396537 /* Assets.xcassets */ = {isa = PBXFileReference; lastKnownFileType = folder.assetcatalog; path = Assets.xcassets; sourceTree = "<group>"; };
		F325F3461EAD672200396537 /* Base */ = {isa = PBXFileReference; lastKnownFileType = file.storyboard; name = Base; path = Base.lproj/LaunchScreen.storyboard; sourceTree = "<group>"; };
		F325F3481EAD672200396537 /* Info.plist */ = {isa = PBXFileReference; lastKnownFileType = text.plist.xml; path = Info.plist; sourceTree = "<group>"; };
		F325F34F1EAD695C00396537 /* MapKit.framework */ = {isa = PBXFileReference; lastKnownFileType = wrapper.framework; name = MapKit.framework; path = System/Library/Frameworks/MapKit.framework; sourceTree = SDKROOT; };
		F325F3511EAD696C00396537 /* CoreLocation.framework */ = {isa = PBXFileReference; lastKnownFileType = wrapper.framework; name = CoreLocation.framework; path = System/Library/Frameworks/CoreLocation.framework; sourceTree = SDKROOT; };
/* End PBXFileReference section */

/* Begin PBXFrameworksBuildPhase section */
		F325F3361EAD672200396537 /* Frameworks */ = {
			isa = PBXFrameworksBuildPhase;
			buildActionMask = 2147483647;
			files = (
				F325F3521EAD696C00396537 /* CoreLocation.framework in Frameworks */,
				F325F3501EAD695C00396537 /* MapKit.framework in Frameworks */,
			);
			runOnlyForDeploymentPostprocessing = 0;
		};
/* End PBXFrameworksBuildPhase section */

/* Begin PBXGroup section */
		F325F3301EAD672200396537 = {
			isa = PBXGroup;
			children = (
				F325F33B1EAD672200396537 /* SwiftCurrentMap */,
				F325F33A1EAD672200396537 /* Products */,
				F325F34E1EAD695B00396537 /* Frameworks */,
			);
			sourceTree = "<group>";
		};
		F325F33A1EAD672200396537 /* Products */ = {
			isa = PBXGroup;
			children = (
				F325F3391EAD672200396537 /* SwiftCurrentMap.app */,
			);
			name = Products;
			sourceTree = "<group>";
		};
		F325F33B1EAD672200396537 /* SwiftCurrentMap */ = {
			isa = PBXGroup;
			children = (
				F325F33C1EAD672200396537 /* AppDelegate.swift */,
				F325F33E1EAD672200396537 /* ViewController.swift */,
				F325F3401EAD672200396537 /* Main.storyboard */,
				F325F3431EAD672200396537 /* Assets.xcassets */,
				F325F3451EAD672200396537 /* LaunchScreen.storyboard */,
				F325F3481EAD672200396537 /* Info.plist */,
			);
			path = SwiftCurrentMap;
			sourceTree = "<group>";
		};
		F325F34E1EAD695B00396537 /* Frameworks */ = {
			isa = PBXGroup;
			children = (
				F325F3511EAD696C00396537 /* CoreLocation.framework */,
				F325F34F1EAD695C00396537 /* MapKit.framework */,
			);
			name = Frameworks;
			sourceTree = "<group>";
		};
/* End PBXGroup section */

/* Begin PBXNativeTarget section */
		F325F3381EAD672200396537 /* SwiftCurrentMap */ = {
			isa = PBXNativeTarget;
			buildConfigurationList = F325F34B1EAD672200396537 /* Build configuration list for PBXNativeTarget "SwiftCurrentMap" */;
			buildPhases = (
				F325F3351EAD672200396537 /* Sources */,
				F325F3361EAD672200396537 /* Frameworks */,
				F325F3371EAD672200396537 /* Resources */,
			);
			buildRules = (
			);
			dependencies = (
			);
			name = SwiftCurrentMap;
			productName = SwiftCurrentMap;
			productReference = F325F3391EAD672200396537 /* SwiftCurrentMap.app */;
			productType = "com.apple.product-type.application";
		};
/* End PBXNativeTarget section */

/* Begin PBXProject section */
		F325F3311EAD672200396537 /* Project object */ = {
			isa = PBXProject;
			attributes = {
				LastSwiftUpdateCheck = 0830;
				LastUpgradeCheck = 0830;
				ORGANIZATIONNAME = Takanori.H;
				TargetAttributes = {
					F325F3381EAD672200396537 = {
						CreatedOnToolsVersion = 8.3.2;
						DevelopmentTeam = BN463B3322;
						ProvisioningStyle = Automatic;
					};
				};
			};
			buildConfigurationList = F325F3341EAD672200396537 /* Build configuration list for PBXProject "SwiftCurrentMap" */;
			compatibilityVersion = "Xcode 3.2";
			developmentRegion = English;
			hasScannedForEncodings = 0;
			knownRegions = (
				en,
				Base,
			);
			mainGroup = F325F3301EAD672200396537;
			productRefGroup = F325F33A1EAD672200396537 /* Products */;
			projectDirPath = "";
			projectRoot = "";
			targets = (
				F325F3381EAD672200396537 /* SwiftCurrentMap */,
			);
		};
/* End PBXProject section */

/* Begin PBXResourcesBuildPhase section */
		F325F3371EAD672200396537 /* Resources */ = {
			isa = PBXResourcesBuildPhase;
			buildActionMask = 2147483647;
			files = (
				F325F3471EAD672200396537 /* LaunchScreen.storyboard in Resources */,
				F325F3441EAD672200396537 /* Assets.xcassets in Resources */,
				F325F3421EAD672200396537 /* Main.storyboard in Resources */,
			);
			runOnlyForDeploymentPostprocessing = 0;
		};
/* End PBXResourcesBuildPhase section */

/* Begin PBXSourcesBuildPhase section */
		F325F3351EAD672200396537 /* Sources */ = {
			isa = PBXSourcesBuildPhase;
			buildActionMask = 2147483647;
			files = (
				F325F33F1EAD672200396537 /* ViewController.swift in Sources */,
				F325F33D1EAD672200396537 /* AppDelegate.swift in Sources */,
			);
			runOnlyForDeploymentPostprocessing = 0;
		};
/* End PBXSourcesBuildPhase section */

/* Begin PBXVariantGroup section */
		F325F3401EAD672200396537 /* Main.storyboard */ = {
			isa = PBXVariantGroup;
			children = (
				F325F3411EAD672200396537 /* Base */,
			);
			name = Main.storyboard;
			sourceTree = "<group>";
		};
		F325F3451EAD672200396537 /* LaunchScreen.storyboard */ = {
			isa = PBXVariantGroup;
			children = (
				F325F3461EAD672200396537 /* Base */,
			);
			name = LaunchScreen.storyboard;
			sourceTree = "<group>";
		};
/* End PBXVariantGroup section */

/* Begin XCBuildConfiguration section */
		F325F3491EAD672200396537 /* Debug */ = {
			isa = XCBuildConfiguration;
			buildSettings = {
				ALWAYS_SEARCH_USER_PATHS = NO;
				CLANG_ANALYZER_NONNULL = YES;
				CLANG_ANALYZER_NUMBER_OBJECT_CONVERSION = YES_AGGRESSIVE;
				CLANG_CXX_LANGUAGE_STANDARD = "gnu++0x";
				CLANG_CXX_LIBRARY = "libc++";
				CLANG_ENABLE_MODULES = YES;
				CLANG_ENABLE_OBJC_ARC = YES;
				CLANG_WARN_BOOL_CONVERSION = YES;
				CLANG_WARN_CONSTANT_CONVERSION = YES;
				CLANG_WARN_DIRECT_OBJC_ISA_USAGE = YES_ERROR;
				CLANG_WARN_DOCUMENTATION_COMMENTS = YES;
				CLANG_WARN_EMPTY_BODY = YES;
				CLANG_WARN_ENUM_CONVERSION = YES;
				CLANG_WARN_INFINITE_RECURSION = YES;
				CLANG_WARN_INT_CONVERSION = YES;
				CLANG_WARN_OBJC_ROOT_CLASS = YES_ERROR;
				CLANG_WARN_SUSPICIOUS_MOVE = YES;
				CLANG_WARN_UNREACHABLE_CODE = YES;
				CLANG_WARN__DUPLICATE_METHOD_MATCH = YES;
				"CODE_SIGN_IDENTITY[sdk=iphoneos*]" = "iPhone Developer";
				COPY_PHASE_STRIP = NO;
				DEBUG_INFORMATION_FORMAT = dwarf;
				ENABLE_STRICT_OBJC_MSGSEND = YES;
				ENABLE_TESTABILITY = YES;
				GCC_C_LANGUAGE_STANDARD = gnu99;
				GCC_DYNAMIC_NO_PIC = NO;
				GCC_NO_COMMON_BLOCKS = YES;
				GCC_OPTIMIZATION_LEVEL = 0;
				GCC_PREPROCESSOR_DEFINITIONS = (
					"DEBUG=1",
					"$(inherited)",
				);
				GCC_WARN_64_TO_32_BIT_CONVERSION = YES;
				GCC_WARN_ABOUT_RETURN_TYPE = YES_ERROR;
				GCC_WARN_UNDECLARED_SELECTOR = YES;
				GCC_WARN_UNINITIALIZED_AUTOS = YES_AGGRESSIVE;
				GCC_WARN_UNUSED_FUNCTION = YES;
				GCC_WARN_UNUSED_VARIABLE = YES;
				IPHONEOS_DEPLOYMENT_TARGET = 10.3;
				MTL_ENABLE_DEBUG_INFO = YES;
				ONLY_ACTIVE_ARCH = YES;
				SDKROOT = iphoneos;
				SWIFT_ACTIVE_COMPILATION_CONDITIONS = DEBUG;
				SWIFT_OPTIMIZATION_LEVEL = "-Onone";
			};
			name = Debug;
		};
		F325F34A1EAD672200396537 /* Release */ = {
			isa = XCBuildConfiguration;
			buildSettings = {
				ALWAYS_SEARCH_USER_PATHS = NO;
				CLANG_ANALYZER_NONNULL = YES;
				CLANG_ANALYZER_NUMBER_OBJECT_CONVERSION = YES_AGGRESSIVE;
				CLANG_CXX_LANGUAGE_STANDARD = "gnu++0x";
				CLANG_CXX_LIBRARY = "libc++";
				CLANG_ENABLE_MODULES = YES;
				CLANG_ENABLE_OBJC_ARC = YES;
				CLANG_WARN_BOOL_CONVERSION = YES;
				CLANG_WARN_CONSTANT_CONVERSION = YES;
				CLANG_WARN_DIRECT_OBJC_ISA_USAGE = YES_ERROR;
				CLANG_WARN_DOCUMENTATION_COMMENTS = YES;
				CLANG_WARN_EMPTY_BODY = YES;
				CLANG_WARN_ENUM_CONVERSION = YES;
				CLANG_WARN_INFINITE_RECURSION = YES;
				CLANG_WARN_INT_CONVERSION = YES;
				CLANG_WARN_OBJC_ROOT_CLASS = YES_ERROR;
				CLANG_WARN_SUSPICIOUS_MOVE = YES;
				CLANG_WARN_UNREACHABLE_CODE = YES;
				CLANG_WARN__DUPLICATE_METHOD_MATCH = YES;
				"CODE_SIGN_IDENTITY[sdk=iphoneos*]" = "iPhone Developer";
				COPY_PHASE_STRIP = NO;
				DEBUG_INFORMATION_FORMAT = "dwarf-with-dsym";
				ENABLE_NS_ASSERTIONS = NO;
				ENABLE_STRICT_OBJC_MSGSEND = YES;
				GCC_C_LANGUAGE_STANDARD = gnu99;
				GCC_NO_COMMON_BLOCKS = YES;
				GCC_WARN_64_TO_32_BIT_CONVERSION = YES;
				GCC_WARN_ABOUT_RETURN_TYPE = YES_ERROR;
				GCC_WARN_UNDECLARED_SELECTOR = YES;
				GCC_WARN_UNINITIALIZED_AUTOS = YES_AGGRESSIVE;
				GCC_WARN_UNUSED_FUNCTION = YES;
				GCC_WARN_UNUSED_VARIABLE = YES;
				IPHONEOS_DEPLOYMENT_TARGET = 10.3;
				MTL_ENABLE_DEBUG_INFO = NO;
				SDKROOT = iphoneos;
				SWIFT_OPTIMIZATION_LEVEL = "-Owholemodule";
				VALIDATE_PRODUCT = YES;
			};
			name = Release;
		};
		F325F34C1EAD672200396537 /* Debug */ = {
			isa = XCBuildConfiguration;
			buildSettings = {
				ASSETCATALOG_COMPILER_APPICON_NAME = AppIcon;
				DEVELOPMENT_TEAM = BN463B3322;
				INFOPLIST_FILE = SwiftCurrentMap/Info.plist;
				LD_RUNPATH_SEARCH_PATHS = "$(inherited) @executable_path/Frameworks";
				PRODUCT_BUNDLE_IDENTIFIER = com.example.hasebe.SwiftCurrentMap;
				PRODUCT_NAME = "$(TARGET_NAME)";
				SWIFT_VERSION = 3.0;
			};
			name = Debug;
		};
		F325F34D1EAD672200396537 /* Release */ = {
			isa = XCBuildConfiguration;
			buildSettings = {
				ASSETCATALOG_COMPILER_APPICON_NAME = AppIcon;
				DEVELOPMENT_TEAM = BN463B3322;
				INFOPLIST_FILE = SwiftCurrentMap/Info.plist;
				LD_RUNPATH_SEARCH_PATHS = "$(inherited) @executable_path/Frameworks";
				PRODUCT_BUNDLE_IDENTIFIER = com.example.hasebe.SwiftCurrentMap;
				PRODUCT_NAME = "$(TARGET_NAME)";
				SWIFT_VERSION = 3.0;
			};
			name = Release;
		};
/* End XCBuildConfiguration section */

/* Begin XCConfigurationList section */
		F325F3341EAD672200396537 /* Build configuration list for PBXProject "SwiftCurrentMap" */ = {
			isa = XCConfigurationList;
			buildConfigurations = (
				F325F3491EAD672200396537 /* Debug */,
				F325F34A1EAD672200396537 /* Release */,
			);
			defaultConfigurationIsVisible = 0;
			defaultConfigurationName = Release;
		};
		F325F34B1EAD672200396537 /* Build configuration list for PBXNativeTarget "SwiftCurrentMap" */ = {
			isa = XCConfigurationList;
			buildConfigurations = (
				F325F34C1EAD672200396537 /* Debug */,
				F325F34D1EAD672200396537 /* Release */,
			);
			defaultConfigurationIsVisible = 0;
		};
/* End XCConfigurationList section */
	};
	rootObject = F325F3311EAD672200396537 /* Project object */;
}
