// !$*UTF8*$!
{
	archiveVersion = 1;
	classes = {
	};
	objectVersion = 46;
	objects = {

/* Begin PBXBuildFile section */
		F38E08B71E9DF13000EFAEC6 /* AppDelegate.swift in Sources */ = {isa = PBXBuildFile; fileRef = F38E08B61E9DF13000EFAEC6 /* AppDelegate.swift */; };
		F38E08B91E9DF13000EFAEC6 /* ViewController.swift in Sources */ = {isa = PBXBuildFile; fileRef = F38E08B81E9DF13000EFAEC6 /* ViewController.swift */; };
		F38E08BC1E9DF13000EFAEC6 /* Main.storyboard in Resources */ = {isa = PBXBuildFile; fileRef = F38E08BA1E9DF13000EFAEC6 /* Main.storyboard */; };
		F38E08BE1E9DF13000EFAEC6 /* Assets.xcassets in Resources */ = {isa = PBXBuildFile; fileRef = F38E08BD1E9DF13000EFAEC6 /* Assets.xcassets */; };
		F38E08C11E9DF13000EFAEC6 /* LaunchScreen.storyboard in Resources */ = {isa = PBXBuildFile; fileRef = F38E08BF1E9DF13000EFAEC6 /* LaunchScreen.storyboard */; };
		F3AAEAFA1E9E101900F570F5 /* GoogleService-Info.plist in Resources */ = {isa = PBXBuildFile; fileRef = F3AAEAF91E9E101900F570F5 /* GoogleService-Info.plist */; };
		F7907C717BE578E7E4B06EFF /* Pods_YoutubeFacebookLogin.framework in Frameworks */ = {isa = PBXBuildFile; fileRef = BD1C8312912C2F9F572DA562 /* Pods_YoutubeFacebookLogin.framework */; };
/* End PBXBuildFile section */

/* Begin PBXFileReference section */
		540D8E16FFA546098E358A02 /* Pods-YoutubeFacebookLogin.debug.xcconfig */ = {isa = PBXFileReference; includeInIndex = 1; lastKnownFileType = text.xcconfig; name = "Pods-YoutubeFacebookLogin.debug.xcconfig"; path = "Pods/Target Support Files/Pods-YoutubeFacebookLogin/Pods-YoutubeFacebookLogin.debug.xcconfig"; sourceTree = "<group>"; };
		A1B2CCD945A2C11838C6B7AD /* Pods-YoutubeFacebookLogin.release.xcconfig */ = {isa = PBXFileReference; includeInIndex = 1; lastKnownFileType = text.xcconfig; name = "Pods-YoutubeFacebookLogin.release.xcconfig"; path = "Pods/Target Support Files/Pods-YoutubeFacebookLogin/Pods-YoutubeFacebookLogin.release.xcconfig"; sourceTree = "<group>"; };
		BD1C8312912C2F9F572DA562 /* Pods_YoutubeFacebookLogin.framework */ = {isa = PBXFileReference; explicitFileType = wrapper.framework; includeInIndex = 0; path = Pods_YoutubeFacebookLogin.framework; sourceTree = BUILT_PRODUCTS_DIR; };
		F38E08B31E9DF13000EFAEC6 /* YoutubeFacebookLogin.app */ = {isa = PBXFileReference; explicitFileType = wrapper.application; includeInIndex = 0; path = YoutubeFacebookLogin.app; sourceTree = BUILT_PRODUCTS_DIR; };
		F38E08B61E9DF13000EFAEC6 /* AppDelegate.swift */ = {isa = PBXFileReference; lastKnownFileType = sourcecode.swift; path = AppDelegate.swift; sourceTree = "<group>"; };
		F38E08B81E9DF13000EFAEC6 /* ViewController.swift */ = {isa = PBXFileReference; lastKnownFileType = sourcecode.swift; path = ViewController.swift; sourceTree = "<group>"; };
		F38E08BB1E9DF13000EFAEC6 /* Base */ = {isa = PBXFileReference; lastKnownFileType = file.storyboard; name = Base; path = Base.lproj/Main.storyboard; sourceTree = "<group>"; };
		F38E08BD1E9DF13000EFAEC6 /* Assets.xcassets */ = {isa = PBXFileReference; lastKnownFileType = folder.assetcatalog; path = Assets.xcassets; sourceTree = "<group>"; };
		F38E08C01E9DF13000EFAEC6 /* Base */ = {isa = PBXFileReference; lastKnownFileType = file.storyboard; name = Base; path = Base.lproj/LaunchScreen.storyboard; sourceTree = "<group>"; };
		F38E08C21E9DF13000EFAEC6 /* Info.plist */ = {isa = PBXFileReference; lastKnownFileType = text.plist.xml; path = Info.plist; sourceTree = "<group>"; };
		F3AAEAF81E9DFC5400F570F5 /* YoutubeFacebookLogin.entitlements */ = {isa = PBXFileReference; lastKnownFileType = text.plist.entitlements; path = YoutubeFacebookLogin.entitlements; sourceTree = "<group>"; };
		F3AAEAF91E9E101900F570F5 /* GoogleService-Info.plist */ = {isa = PBXFileReference; fileEncoding = 4; lastKnownFileType = text.plist.xml; path = "GoogleService-Info.plist"; sourceTree = "<group>"; };
/* End PBXFileReference section */

/* Begin PBXFrameworksBuildPhase section */
		F38E08B01E9DF13000EFAEC6 /* Frameworks */ = {
			isa = PBXFrameworksBuildPhase;
			buildActionMask = 2147483647;
			files = (
				F7907C717BE578E7E4B06EFF /* Pods_YoutubeFacebookLogin.framework in Frameworks */,
			);
			runOnlyForDeploymentPostprocessing = 0;
		};
/* End PBXFrameworksBuildPhase section */

/* Begin PBXGroup section */
		25BAA413A642B74252B3CC5D /* Frameworks */ = {
			isa = PBXGroup;
			children = (
				BD1C8312912C2F9F572DA562 /* Pods_YoutubeFacebookLogin.framework */,
			);
			name = Frameworks;
			sourceTree = "<group>";
		};
		90B1DDB6C317ED6DD68997B0 /* Pods */ = {
			isa = PBXGroup;
			children = (
				540D8E16FFA546098E358A02 /* Pods-YoutubeFacebookLogin.debug.xcconfig */,
				A1B2CCD945A2C11838C6B7AD /* Pods-YoutubeFacebookLogin.release.xcconfig */,
			);
			name = Pods;
			sourceTree = "<group>";
		};
		F38E08AA1E9DF13000EFAEC6 = {
			isa = PBXGroup;
			children = (
				F38E08B51E9DF13000EFAEC6 /* YoutubeFacebookLogin */,
				F38E08B41E9DF13000EFAEC6 /* Products */,
				90B1DDB6C317ED6DD68997B0 /* Pods */,
				25BAA413A642B74252B3CC5D /* Frameworks */,
			);
			sourceTree = "<group>";
		};
		F38E08B41E9DF13000EFAEC6 /* Products */ = {
			isa = PBXGroup;
			children = (
				F38E08B31E9DF13000EFAEC6 /* YoutubeFacebookLogin.app */,
			);
			name = Products;
			sourceTree = "<group>";
		};
		F38E08B51E9DF13000EFAEC6 /* YoutubeFacebookLogin */ = {
			isa = PBXGroup;
			children = (
				F3AAEAF81E9DFC5400F570F5 /* YoutubeFacebookLogin.entitlements */,
				F38E08B61E9DF13000EFAEC6 /* AppDelegate.swift */,
				F38E08B81E9DF13000EFAEC6 /* ViewController.swift */,
				F38E08BA1E9DF13000EFAEC6 /* Main.storyboard */,
				F38E08BD1E9DF13000EFAEC6 /* Assets.xcassets */,
				F38E08BF1E9DF13000EFAEC6 /* LaunchScreen.storyboard */,
				F38E08C21E9DF13000EFAEC6 /* Info.plist */,
				F3AAEAF91E9E101900F570F5 /* GoogleService-Info.plist */,
			);
			path = YoutubeFacebookLogin;
			sourceTree = "<group>";
		};
/* End PBXGroup section */

/* Begin PBXNativeTarget section */
		F38E08B21E9DF13000EFAEC6 /* YoutubeFacebookLogin */ = {
			isa = PBXNativeTarget;
			buildConfigurationList = F38E08C51E9DF13000EFAEC6 /* Build configuration list for PBXNativeTarget "YoutubeFacebookLogin" */;
			buildPhases = (
				3D8B1A7B51F98D3BE16D7DD2 /* [CP] Check Pods Manifest.lock */,
				F38E08AF1E9DF13000EFAEC6 /* Sources */,
				F38E08B01E9DF13000EFAEC6 /* Frameworks */,
				F38E08B11E9DF13000EFAEC6 /* Resources */,
				BAF747A9AD7224B5679EB3A6 /* [CP] Embed Pods Frameworks */,
				EF2D5312ACE9DC8103772D54 /* [CP] Copy Pods Resources */,
			);
			buildRules = (
			);
			dependencies = (
			);
			name = YoutubeFacebookLogin;
			productName = YoutubeFacebookLogin;
			productReference = F38E08B31E9DF13000EFAEC6 /* YoutubeFacebookLogin.app */;
			productType = "com.apple.product-type.application";
		};
/* End PBXNativeTarget section */

/* Begin PBXProject section */
		F38E08AB1E9DF13000EFAEC6 /* Project object */ = {
			isa = PBXProject;
			attributes = {
				LastSwiftUpdateCheck = 0830;
				LastUpgradeCheck = 0830;
				ORGANIZATIONNAME = Takanori.H;
				TargetAttributes = {
					F38E08B21E9DF13000EFAEC6 = {
						CreatedOnToolsVersion = 8.3;
						DevelopmentTeam = BN463B3322;
						ProvisioningStyle = Automatic;
						SystemCapabilities = {
							com.apple.Keychain = {
								enabled = 1;
							};
						};
					};
				};
			};
			buildConfigurationList = F38E08AE1E9DF13000EFAEC6 /* Build configuration list for PBXProject "YoutubeFacebookLogin" */;
			compatibilityVersion = "Xcode 3.2";
			developmentRegion = English;
			hasScannedForEncodings = 0;
			knownRegions = (
				en,
				Base,
			);
			mainGroup = F38E08AA1E9DF13000EFAEC6;
			productRefGroup = F38E08B41E9DF13000EFAEC6 /* Products */;
			projectDirPath = "";
			projectRoot = "";
			targets = (
				F38E08B21E9DF13000EFAEC6 /* YoutubeFacebookLogin */,
			);
		};
/* End PBXProject section */

/* Begin PBXResourcesBuildPhase section */
		F38E08B11E9DF13000EFAEC6 /* Resources */ = {
			isa = PBXResourcesBuildPhase;
			buildActionMask = 2147483647;
			files = (
				F38E08C11E9DF13000EFAEC6 /* LaunchScreen.storyboard in Resources */,
				F38E08BE1E9DF13000EFAEC6 /* Assets.xcassets in Resources */,
				F3AAEAFA1E9E101900F570F5 /* GoogleService-Info.plist in Resources */,
				F38E08BC1E9DF13000EFAEC6 /* Main.storyboard in Resources */,
			);
			runOnlyForDeploymentPostprocessing = 0;
		};
/* End PBXResourcesBuildPhase section */

/* Begin PBXShellScriptBuildPhase section */
		3D8B1A7B51F98D3BE16D7DD2 /* [CP] Check Pods Manifest.lock */ = {
			isa = PBXShellScriptBuildPhase;
			buildActionMask = 2147483647;
			files = (
			);
			inputPaths = (
			);
			name = "[CP] Check Pods Manifest.lock";
			outputPaths = (
			);
			runOnlyForDeploymentPostprocessing = 0;
			shellPath = /bin/sh;
			shellScript = "diff \"${PODS_ROOT}/../Podfile.lock\" \"${PODS_ROOT}/Manifest.lock\" > /dev/null\nif [ $? != 0 ] ; then\n    # print error to STDERR\n    echo \"error: The sandbox is not in sync with the Podfile.lock. Run 'pod install' or update your CocoaPods installation.\" >&2\n    exit 1\nfi\n";
			showEnvVarsInLog = 0;
		};
		BAF747A9AD7224B5679EB3A6 /* [CP] Embed Pods Frameworks */ = {
			isa = PBXShellScriptBuildPhase;
			buildActionMask = 2147483647;
			files = (
			);
			inputPaths = (
			);
			name = "[CP] Embed Pods Frameworks";
			outputPaths = (
			);
			runOnlyForDeploymentPostprocessing = 0;
			shellPath = /bin/sh;
			shellScript = "\"${SRCROOT}/Pods/Target Support Files/Pods-YoutubeFacebookLogin/Pods-YoutubeFacebookLogin-frameworks.sh\"\n";
			showEnvVarsInLog = 0;
		};
		EF2D5312ACE9DC8103772D54 /* [CP] Copy Pods Resources */ = {
			isa = PBXShellScriptBuildPhase;
			buildActionMask = 2147483647;
			files = (
			);
			inputPaths = (
			);
			name = "[CP] Copy Pods Resources";
			outputPaths = (
			);
			runOnlyForDeploymentPostprocessing = 0;
			shellPath = /bin/sh;
			shellScript = "\"${SRCROOT}/Pods/Target Support Files/Pods-YoutubeFacebookLogin/Pods-YoutubeFacebookLogin-resources.sh\"\n";
			showEnvVarsInLog = 0;
		};
/* End PBXShellScriptBuildPhase section */

/* Begin PBXSourcesBuildPhase section */
		F38E08AF1E9DF13000EFAEC6 /* Sources */ = {
			isa = PBXSourcesBuildPhase;
			buildActionMask = 2147483647;
			files = (
				F38E08B91E9DF13000EFAEC6 /* ViewController.swift in Sources */,
				F38E08B71E9DF13000EFAEC6 /* AppDelegate.swift in Sources */,
			);
			runOnlyForDeploymentPostprocessing = 0;
		};
/* End PBXSourcesBuildPhase section */

/* Begin PBXVariantGroup section */
		F38E08BA1E9DF13000EFAEC6 /* Main.storyboard */ = {
			isa = PBXVariantGroup;
			children = (
				F38E08BB1E9DF13000EFAEC6 /* Base */,
			);
			name = Main.storyboard;
			sourceTree = "<group>";
		};
		F38E08BF1E9DF13000EFAEC6 /* LaunchScreen.storyboard */ = {
			isa = PBXVariantGroup;
			children = (
				F38E08C01E9DF13000EFAEC6 /* Base */,
			);
			name = LaunchScreen.storyboard;
			sourceTree = "<group>";
		};
/* End PBXVariantGroup section */

/* Begin XCBuildConfiguration section */
		F38E08C31E9DF13000EFAEC6 /* Debug */ = {
			isa = XCBuildConfiguration;
			buildSettings = {
				ALWAYS_SEARCH_USER_PATHS = NO;
				CLANG_ANALYZER_NONNULL = YES;
				CLANG_ANALYZER_NUMBER_OBJECT_CONVERSION = YES_AGGRESSIVE;
				CLANG_CXX_LANGUAGE_STANDARD = "gnu++0x";
				CLANG_CXX_LIBRARY = "libc++";
				CLANG_ENABLE_MODULES = YES;
				CLANG_ENABLE_OBJC_ARC = YES;
				CLANG_WARN_BOOL_CONVERSION = YES;
				CLANG_WARN_CONSTANT_CONVERSION = YES;
				CLANG_WARN_DIRECT_OBJC_ISA_USAGE = YES_ERROR;
				CLANG_WARN_DOCUMENTATION_COMMENTS = YES;
				CLANG_WARN_EMPTY_BODY = YES;
				CLANG_WARN_ENUM_CONVERSION = YES;
				CLANG_WARN_INFINITE_RECURSION = YES;
				CLANG_WARN_INT_CONVERSION = YES;
				CLANG_WARN_OBJC_ROOT_CLASS = YES_ERROR;
				CLANG_WARN_SUSPICIOUS_MOVE = YES;
				CLANG_WARN_UNREACHABLE_CODE = YES;
				CLANG_WARN__DUPLICATE_METHOD_MATCH = YES;
				"CODE_SIGN_IDENTITY[sdk=iphoneos*]" = "iPhone Developer";
				COPY_PHASE_STRIP = NO;
				DEBUG_INFORMATION_FORMAT = dwarf;
				ENABLE_STRICT_OBJC_MSGSEND = YES;
				ENABLE_TESTABILITY = YES;
				GCC_C_LANGUAGE_STANDARD = gnu99;
				GCC_DYNAMIC_NO_PIC = NO;
				GCC_NO_COMMON_BLOCKS = YES;
				GCC_OPTIMIZATION_LEVEL = 0;
				GCC_PREPROCESSOR_DEFINITIONS = (
					"DEBUG=1",
					"$(inherited)",
				);
				GCC_WARN_64_TO_32_BIT_CONVERSION = YES;
				GCC_WARN_ABOUT_RETURN_TYPE = YES_ERROR;
				GCC_WARN_UNDECLARED_SELECTOR = YES;
				GCC_WARN_UNINITIALIZED_AUTOS = YES_AGGRESSIVE;
				GCC_WARN_UNUSED_FUNCTION = YES;
				GCC_WARN_UNUSED_VARIABLE = YES;
				IPHONEOS_DEPLOYMENT_TARGET = 10.3;
				MTL_ENABLE_DEBUG_INFO = YES;
				ONLY_ACTIVE_ARCH = YES;
				SDKROOT = iphoneos;
				SWIFT_ACTIVE_COMPILATION_CONDITIONS = DEBUG;
				SWIFT_OPTIMIZATION_LEVEL = "-Onone";
			};
			name = Debug;
		};
		F38E08C41E9DF13000EFAEC6 /* Release */ = {
			isa = XCBuildConfiguration;
			buildSettings = {
				ALWAYS_SEARCH_USER_PATHS = NO;
				CLANG_ANALYZER_NONNULL = YES;
				CLANG_ANALYZER_NUMBER_OBJECT_CONVERSION = YES_AGGRESSIVE;
				CLANG_CXX_LANGUAGE_STANDARD = "gnu++0x";
				CLANG_CXX_LIBRARY = "libc++";
				CLANG_ENABLE_MODULES = YES;
				CLANG_ENABLE_OBJC_ARC = YES;
				CLANG_WARN_BOOL_CONVERSION = YES;
				CLANG_WARN_CONSTANT_CONVERSION = YES;
				CLANG_WARN_DIRECT_OBJC_ISA_USAGE = YES_ERROR;
				CLANG_WARN_DOCUMENTATION_COMMENTS = YES;
				CLANG_WARN_EMPTY_BODY = YES;
				CLANG_WARN_ENUM_CONVERSION = YES;
				CLANG_WARN_INFINITE_RECURSION = YES;
				CLANG_WARN_INT_CONVERSION = YES;
				CLANG_WARN_OBJC_ROOT_CLASS = YES_ERROR;
				CLANG_WARN_SUSPICIOUS_MOVE = YES;
				CLANG_WARN_UNREACHABLE_CODE = YES;
				CLANG_WARN__DUPLICATE_METHOD_MATCH = YES;
				"CODE_SIGN_IDENTITY[sdk=iphoneos*]" = "iPhone Developer";
				COPY_PHASE_STRIP = NO;
				DEBUG_INFORMATION_FORMAT = "dwarf-with-dsym";
				ENABLE_NS_ASSERTIONS = NO;
				ENABLE_STRICT_OBJC_MSGSEND = YES;
				GCC_C_LANGUAGE_STANDARD = gnu99;
				GCC_NO_COMMON_BLOCKS = YES;
				GCC_WARN_64_TO_32_BIT_CONVERSION = YES;
				GCC_WARN_ABOUT_RETURN_TYPE = YES_ERROR;
				GCC_WARN_UNDECLARED_SELECTOR = YES;
				GCC_WARN_UNINITIALIZED_AUTOS = YES_AGGRESSIVE;
				GCC_WARN_UNUSED_FUNCTION = YES;
				GCC_WARN_UNUSED_VARIABLE = YES;
				IPHONEOS_DEPLOYMENT_TARGET = 10.3;
				MTL_ENABLE_DEBUG_INFO = NO;
				SDKROOT = iphoneos;
				SWIFT_OPTIMIZATION_LEVEL = "-Owholemodule";
				VALIDATE_PRODUCT = YES;
			};
			name = Release;
		};
		F38E08C61E9DF13000EFAEC6 /* Debug */ = {
			isa = XCBuildConfiguration;
			baseConfigurationReference = 540D8E16FFA546098E358A02 /* Pods-YoutubeFacebookLogin.debug.xcconfig */;
			buildSettings = {
				ASSETCATALOG_COMPILER_APPICON_NAME = AppIcon;
				CODE_SIGN_ENTITLEMENTS = YoutubeFacebookLogin/YoutubeFacebookLogin.entitlements;
				DEVELOPMENT_TEAM = BN463B3322;
				INFOPLIST_FILE = YoutubeFacebookLogin/Info.plist;
				LD_RUNPATH_SEARCH_PATHS = "$(inherited) @executable_path/Frameworks";
				PRODUCT_BUNDLE_IDENTIFIER = com.example.hasebe.YoutubeFacebookLogin;
				PRODUCT_NAME = "$(TARGET_NAME)";
				SWIFT_VERSION = 3.0;
			};
			name = Debug;
		};
		F38E08C71E9DF13000EFAEC6 /* Release */ = {
			isa = XCBuildConfiguration;
			baseConfigurationReference = A1B2CCD945A2C11838C6B7AD /* Pods-YoutubeFacebookLogin.release.xcconfig */;
			buildSettings = {
				ASSETCATALOG_COMPILER_APPICON_NAME = AppIcon;
				CODE_SIGN_ENTITLEMENTS = YoutubeFacebookLogin/YoutubeFacebookLogin.entitlements;
				DEVELOPMENT_TEAM = BN463B3322;
				INFOPLIST_FILE = YoutubeFacebookLogin/Info.plist;
				LD_RUNPATH_SEARCH_PATHS = "$(inherited) @executable_path/Frameworks";
				PRODUCT_BUNDLE_IDENTIFIER = com.example.hasebe.YoutubeFacebookLogin;
				PRODUCT_NAME = "$(TARGET_NAME)";
				SWIFT_VERSION = 3.0;
			};
			name = Release;
		};
/* End XCBuildConfiguration section */

/* Begin XCConfigurationList section */
		F38E08AE1E9DF13000EFAEC6 /* Build configuration list for PBXProject "YoutubeFacebookLogin" */ = {
			isa = XCConfigurationList;
			buildConfigurations = (
				F38E08C31E9DF13000EFAEC6 /* Debug */,
				F38E08C41E9DF13000EFAEC6 /* Release */,
			);
			defaultConfigurationIsVisible = 0;
			defaultConfigurationName = Release;
		};
		F38E08C51E9DF13000EFAEC6 /* Build configuration list for PBXNativeTarget "YoutubeFacebookLogin" */ = {
			isa = XCConfigurationList;
			buildConfigurations = (
				F38E08C61E9DF13000EFAEC6 /* Debug */,
				F38E08C71E9DF13000EFAEC6 /* Release */,
			);
			defaultConfigurationIsVisible = 0;
			defaultConfigurationName = Release;
		};
/* End XCConfigurationList section */
	};
	rootObject = F38E08AB1E9DF13000EFAEC6 /* Project object */;
}
